{
  "projects": [
    {
      "projectId": "28Ba3BDvRe7EiWdfFNnLB6",
      "version": "2.44.0",
      "dependencies": {},
      "lang": "ts",
      "fileLocks": [
        {
          "assetId": "28Ba3BDvRe7EiWdfFNnLB6",
          "checksum": "63331297f1d1e5848bdb91afcf152e89",
          "type": "projectModule"
        },
        {
          "assetId": "28Ba3BDvRe7EiWdfFNnLB6",
          "checksum": "001b24628d3a986856dd4f31485497d1",
          "type": "styleTokensProvider"
        },
        {
          "assetId": "28Ba3BDvRe7EiWdfFNnLB6",
          "type": "projectCss",
          "checksum": "df148043d64139eafbafaef18d44a20f"
        }
      ],
      "codegenVersion": "0.0.3"
    },
    {
      "projectId": "gLnoj82AzKVVT7qXiqAbHD",
      "version": "2.20.0",
      "dependencies": {},
      "lang": "ts",
      "fileLocks": [
        {
          "type": "renderModule",
          "assetId": "lBHNzts6tFyj",
          "checksum": "0baf2fcce0c21b834c99aecb17a19951"
        },
        {
          "type": "cssRules",
          "assetId": "lBHNzts6tFyj",
          "checksum": "0baf2fcce0c21b834c99aecb17a19951"
        },
        {
          "type": "icon",
          "assetId": "zq2s7N0xWucT",
          "checksum": "bd85295cedaeac0de29b4aa0716fc5ad"
        },
        {
          "type": "icon",
          "assetId": "8K40faRNhuCj",
          "checksum": "d2e49d902b3cffb3c7e3d761d5f3f5af"
        },
        {
          "assetId": "gLnoj82AzKVVT7qXiqAbHD",
          "checksum": "c9f682faefd85fe107cb17c4da91f6f0",
          "type": "projectModule"
        },
        {
          "assetId": "gLnoj82AzKVVT7qXiqAbHD",
          "checksum": "371427c1d7783182b780a8b13ceee145",
          "type": "styleTokensProvider"
        },
        {
          "assetId": "gLnoj82AzKVVT7qXiqAbHD",
          "type": "projectCss",
          "checksum": "85494a5792f8d5a2d575f7d0eccd3e94"
        }
      ],
      "codegenVersion": "0.0.3"
    },
    {
      "projectId": "q8iq2J191QypeBqVSHzb6M",
      "version": "0.15.0",
      "dependencies": {},
      "lang": "ts",
      "fileLocks": [
        {
          "assetId": "q8iq2J191QypeBqVSHzb6M",
          "checksum": "0d11eaccff09c16059e80e9eb5a88772",
          "type": "projectModule"
        },
        {
          "assetId": "q8iq2J191QypeBqVSHzb6M",
          "checksum": "ad091259ce0a018b5ea8fe401cc50539",
          "type": "styleTokensProvider"
        },
        {
          "assetId": "q8iq2J191QypeBqVSHzb6M",
          "type": "projectCss",
          "checksum": "8a404a065b1a2d43750e865963284440"
        }
      ],
      "codegenVersion": "0.0.3"
    },
    {
      "projectId": "8PtdGodUbexNYgkuyBUcWu",
      "version": "3.33.0",
      "dependencies": {},
      "lang": "ts",
      "fileLocks": [
        {
          "assetId": "8PtdGodUbexNYgkuyBUcWu",
          "checksum": "7374716521343de54f4a1551004b56d6",
          "type": "globalContexts"
        },
        {
          "assetId": "8PtdGodUbexNYgkuyBUcWu",
          "checksum": "4a730a817c90d1d4e5cc48ca7ca0f665",
          "type": "projectModule"
        },
        {
          "assetId": "8PtdGodUbexNYgkuyBUcWu",
          "checksum": "91c7d2b9fe6efcf494c70ffbcc14fdf9",
          "type": "styleTokensProvider"
        },
        {
          "assetId": "8PtdGodUbexNYgkuyBUcWu",
          "type": "projectCss",
          "checksum": "1c87fbcb09b518a2412fe4d1f9a37e9d"
        }
      ],
      "codegenVersion": "0.0.3"
    },
    {
      "projectId": "kS7YGZfVr6mU43XDQjXELc",
      "version": "0.24.0",
      "dependencies": {},
      "lang": "ts",
      "fileLocks": [
        {
          "assetId": "kS7YGZfVr6mU43XDQjXELc",
          "checksum": "959f716013dde715eccef65275f45795",
          "type": "projectModule"
        },
        {
          "assetId": "kS7YGZfVr6mU43XDQjXELc",
          "checksum": "5cd581e4ae97075a92213b22d54e9d94",
          "type": "styleTokensProvider"
        },
        {
          "assetId": "kS7YGZfVr6mU43XDQjXELc",
          "type": "projectCss",
          "checksum": "44864e4a80faa766b2be81462e04d22c"
        }
      ],
      "codegenVersion": "0.0.3"
    },
    {
      "projectId": "r3ASNrnyvLLLAtDvzUioQ",
      "version": "4.14.0",
      "dependencies": {},
      "lang": "ts",
      "fileLocks": [
        {
          "assetId": "r3ASNrnyvLLLAtDvzUioQ",
          "checksum": "846ced67e884d585685846cb36f03a5c",
          "type": "projectModule"
        },
        {
          "assetId": "r3ASNrnyvLLLAtDvzUioQ",
          "checksum": "d7f16748a7d950e3b4e05930eb47cf86",
          "type": "styleTokensProvider"
        },
        {
          "assetId": "r3ASNrnyvLLLAtDvzUioQ",
          "type": "projectCss",
          "checksum": "316852eed291fb5e2f08ce191ac1117e"
        }
      ],
      "codegenVersion": "0.0.3"
    },
    {
      "projectId": "22U3ZXm4dE59qEW488gxzU",
      "version": "0.36.0",
      "dependencies": {},
      "lang": "ts",
      "fileLocks": [
        {
          "assetId": "22U3ZXm4dE59qEW488gxzU",
          "checksum": "1c9295ae32ae9e095b9043fed1628c6f",
          "type": "globalContexts"
        },
        {
          "assetId": "22U3ZXm4dE59qEW488gxzU",
          "checksum": "7999b3d5978999f0eb5de19354d33135",
          "type": "projectModule"
        },
        {
          "assetId": "22U3ZXm4dE59qEW488gxzU",
          "checksum": "78af48dfd9ffcec7d25d8d0b4f7893d6",
          "type": "styleTokensProvider"
        },
        {
          "assetId": "22U3ZXm4dE59qEW488gxzU",
          "type": "projectCss",
          "checksum": "51b9f27d1d56a3119d57ac8b3cbe7a3e"
        }
      ],
      "codegenVersion": "0.0.3"
    },
    {
      "projectId": "caTPwKxj5ZrD9LQ7DMdK4Z",
      "version": "3.48.0",
      "dependencies": {},
      "lang": "ts",
      "fileLocks": [
        {
          "assetId": "caTPwKxj5ZrD9LQ7DMdK4Z",
          "checksum": "5f8b503a54d81c7ee5a80fe9a5b1455f",
          "type": "projectModule"
        },
        {
          "assetId": "caTPwKxj5ZrD9LQ7DMdK4Z",
          "checksum": "2e40741feca55fe9d0b2058ef752f14d",
          "type": "styleTokensProvider"
        },
        {
          "assetId": "caTPwKxj5ZrD9LQ7DMdK4Z",
          "type": "projectCss",
          "checksum": "4f8841e79ae881df48a2bc700591a97f"
        }
      ],
      "codegenVersion": "0.0.3"
    },
    {
      "projectId": "58GpZjZCWTaJ8AUhpCwt2K",
      "version": "3.34.0",
      "dependencies": {},
      "lang": "ts",
      "fileLocks": [
        {
          "assetId": "58GpZjZCWTaJ8AUhpCwt2K",
          "checksum": "dd1bd3cd83a88e2a0cc47887c2f90093",
          "type": "projectModule"
        },
        {
          "assetId": "58GpZjZCWTaJ8AUhpCwt2K",
          "checksum": "19ca52da8c9310de1ae4ce1193856fed",
          "type": "styleTokensProvider"
        },
        {
          "assetId": "58GpZjZCWTaJ8AUhpCwt2K",
          "type": "projectCss",
          "checksum": "5e2e7091dbf834618424ffd3c7a0ae33"
        }
      ],
      "codegenVersion": "0.0.3"
    },
    {
      "projectId": "YUiM7yqBWAqsh8KSnrdj7",
      "version": "0.39.0",
      "dependencies": {},
      "lang": "ts",
      "fileLocks": [
        {
          "assetId": "YUiM7yqBWAqsh8KSnrdj7",
          "checksum": "e441c33f0327416c9a2b92d5918bb109",
          "type": "projectModule"
        },
        {
          "assetId": "YUiM7yqBWAqsh8KSnrdj7",
          "checksum": "6ee469ca18ecbf1df3f31a8edfad9140",
          "type": "styleTokensProvider"
        },
        {
          "assetId": "YUiM7yqBWAqsh8KSnrdj7",
          "type": "projectCss",
          "checksum": "fedda1896c36ca21ac37899811cacb49"
        }
      ],
      "codegenVersion": "0.0.3"
    },
    {
      "projectId": "jkU633o1Cz7HrJdwdxhVHk",
      "version": "16.19.0",
      "dependencies": {},
      "lang": "ts",
      "fileLocks": [
        {
          "assetId": "jkU633o1Cz7HrJdwdxhVHk",
          "checksum": "3360395d0903e45c2a5fde8c8bb81302",
          "type": "projectModule"
        },
        {
          "assetId": "jkU633o1Cz7HrJdwdxhVHk",
          "checksum": "4944758f8b8661c9f72e79d0fea0ab1b",
          "type": "styleTokensProvider"
        },
        {
          "assetId": "jkU633o1Cz7HrJdwdxhVHk",
          "type": "projectCss",
          "checksum": "fa93a1e4f730ec3ea3bf0d0af061f3c3"
        }
      ],
      "codegenVersion": "0.0.3"
    },
    {
      "projectId": "ohDidvG9XsCeFumugENU3J",
      "version": "6.36.0",
      "dependencies": {},
      "lang": "ts",
      "fileLocks": [
        {
          "assetId": "ohDidvG9XsCeFumugENU3J",
          "checksum": "be3f0aaba617feb7e002ecfd303a0f73",
          "type": "globalContexts"
        },
        {
          "assetId": "ohDidvG9XsCeFumugENU3J",
          "checksum": "fb807fe3705f30ea295ebfad5287dd4b",
          "type": "projectModule"
        },
        {
          "assetId": "ohDidvG9XsCeFumugENU3J",
          "checksum": "206a8fa09a3adadf3f31a6923f0ced0b",
          "type": "styleTokensProvider"
        },
        {
          "assetId": "ohDidvG9XsCeFumugENU3J",
          "type": "projectCss",
          "checksum": "75961759fc8ea4962a2cb3b7c75460ce"
        }
      ],
      "codegenVersion": "0.0.3"
    },
    {
      "projectId": "7nJ7UcFmq9UzB6eXfC5z4a",
      "version": "0.37.0",
      "dependencies": {},
      "lang": "ts",
      "fileLocks": [
        {
          "assetId": "7nJ7UcFmq9UzB6eXfC5z4a",
          "checksum": "bd882956589ba7fcd035211989e13120",
          "type": "projectModule"
        },
        {
          "assetId": "7nJ7UcFmq9UzB6eXfC5z4a",
          "checksum": "931076ded3f4fc246cbf444fcc152bbb",
          "type": "styleTokensProvider"
        },
        {
          "assetId": "7nJ7UcFmq9UzB6eXfC5z4a",
          "type": "projectCss",
          "checksum": "61d578df9a36849c503072ca7e8dad42"
        }
      ],
      "codegenVersion": "0.0.3"
    },
    {
      "projectId": "qrPZwqtrqWM4S9b4djCj1H",
      "version": "latest",
      "dependencies": {
        "7nJ7UcFmq9UzB6eXfC5z4a": "0.37.0",
        "ohDidvG9XsCeFumugENU3J": "6.36.0",
        "jkU633o1Cz7HrJdwdxhVHk": "16.19.0",
        "YUiM7yqBWAqsh8KSnrdj7": "0.39.0",
        "58GpZjZCWTaJ8AUhpCwt2K": "3.34.0",
        "caTPwKxj5ZrD9LQ7DMdK4Z": "3.48.0",
        "22U3ZXm4dE59qEW488gxzU": "0.36.0",
        "r3ASNrnyvLLLAtDvzUioQ": "4.14.0",
        "kS7YGZfVr6mU43XDQjXELc": "0.24.0",
        "8PtdGodUbexNYgkuyBUcWu": "3.33.0",
        "q8iq2J191QypeBqVSHzb6M": "0.15.0",
        "gLnoj82AzKVVT7qXiqAbHD": "2.20.0",
        "28Ba3BDvRe7EiWdfFNnLB6": "2.44.0"
      },
      "lang": "ts",
      "fileLocks": [
        {
          "type": "globalVariant",
          "assetId": "KuWQQBs0eRIp",
          "checksum": "307386223c137fe0bd305f07f0d70a1c"
        },
        {
          "assetId": "qrPZwqtrqWM4S9b4djCj1H",
          "checksum": "ed43df1fe2514d1c64b6eba0596077b8",
          "type": "globalContexts"
        },
        {
          "type": "renderModule",
          "assetId": "IaB65peUmP4-",
          "checksum": "b84c97581ad521602883a9ddfede6a15"
        },
        {
          "type": "cssRules",
          "assetId": "IaB65peUmP4-",
          "checksum": "b84c97581ad521602883a9ddfede6a15"
        },
        {
          "type": "renderModule",
          "assetId": "ODoUQKl-ju5d",
          "checksum": "2c1488593f02f5da6bae9224e517a3a4"
        },
        {
          "type": "cssRules",
          "assetId": "ODoUQKl-ju5d",
          "checksum": "2c1488593f02f5da6bae9224e517a3a4"
        },
        {
          "type": "renderModule",
          "assetId": "1UJD2btGUkCV",
          "checksum": "fa5b8da5148cac279ed36bc3abc58fe9"
        },
        {
          "type": "cssRules",
          "assetId": "1UJD2btGUkCV",
          "checksum": "fa5b8da5148cac279ed36bc3abc58fe9"
        },
        {
          "type": "renderModule",
          "assetId": "80uXqFUeKiPi",
          "checksum": "70b34df20b5a5de0664dce8973a779f7"
        },
        {
          "type": "cssRules",
          "assetId": "80uXqFUeKiPi",
          "checksum": "70b34df20b5a5de0664dce8973a779f7"
        },
        {
          "type": "renderModule",
          "assetId": "ibG0Wlhj_XRG",
          "checksum": "f97849f4755f01fb370f28f6ac3c360b"
        },
        {
          "type": "cssRules",
          "assetId": "ibG0Wlhj_XRG",
          "checksum": "f97849f4755f01fb370f28f6ac3c360b"
        },
        {
          "type": "renderModule",
          "assetId": "uEofcDWE96YI",
          "checksum": "f15ea9687bf2b978c81a9819f561891d"
        },
        {
          "type": "cssRules",
          "assetId": "uEofcDWE96YI",
          "checksum": "f15ea9687bf2b978c81a9819f561891d"
        },
        {
          "type": "renderModule",
          "assetId": "sRXlHXHXDYps",
          "checksum": "3361d3e65c0d215e8348c413cba43447"
        },
        {
          "type": "cssRules",
          "assetId": "sRXlHXHXDYps",
          "checksum": "3361d3e65c0d215e8348c413cba43447"
        },
        {
          "type": "renderModule",
          "assetId": "AD9rteI8dV2J",
          "checksum": "3e39dcee02d8e5d1299fffae788d8d6c"
        },
        {
          "type": "cssRules",
          "assetId": "AD9rteI8dV2J",
          "checksum": "3e39dcee02d8e5d1299fffae788d8d6c"
        },
        {
          "type": "renderModule",
          "assetId": "lQi1dW4jp46h",
          "checksum": "aaa2d6d6d0449f25f8a7c00949c1c356"
        },
        {
          "type": "cssRules",
          "assetId": "lQi1dW4jp46h",
          "checksum": "aaa2d6d6d0449f25f8a7c00949c1c356"
        },
        {
          "type": "renderModule",
          "assetId": "aZj-iJZhifXL",
          "checksum": "03583b20aabb25b2882de6de6351044a"
        },
        {
          "type": "cssRules",
          "assetId": "aZj-iJZhifXL",
          "checksum": "03583b20aabb25b2882de6de6351044a"
        },
        {
          "type": "renderModule",
          "assetId": "tAs5iSDBu8oK",
          "checksum": "ea6055cfee00ca7e9b6f45fc870fba13"
        },
        {
          "type": "cssRules",
          "assetId": "tAs5iSDBu8oK",
          "checksum": "ea6055cfee00ca7e9b6f45fc870fba13"
        },
        {
          "type": "renderModule",
          "assetId": "-ZjOM5ux0wjZ",
          "checksum": "462c3d9975febd419550a8fad3783d6c"
        },
        {
          "type": "cssRules",
          "assetId": "-ZjOM5ux0wjZ",
          "checksum": "462c3d9975febd419550a8fad3783d6c"
        },
        {
          "type": "renderModule",
          "assetId": "chqzQNHroqqa",
          "checksum": "82c8a3b4bb36713a6167a421eb549483"
        },
        {
          "type": "cssRules",
          "assetId": "chqzQNHroqqa",
          "checksum": "82c8a3b4bb36713a6167a421eb549483"
        },
        {
          "type": "renderModule",
          "assetId": "AR1esKMtR6qm",
          "checksum": "18e5039cd0820128a9263630a5c102db"
        },
        {
          "type": "cssRules",
          "assetId": "AR1esKMtR6qm",
          "checksum": "18e5039cd0820128a9263630a5c102db"
        },
        {
          "type": "renderModule",
          "assetId": "16Wp8_IOhFej",
          "checksum": "24b2fc663cbf749c8c0ea1f28caa5a83"
        },
        {
          "type": "cssRules",
          "assetId": "16Wp8_IOhFej",
          "checksum": "24b2fc663cbf749c8c0ea1f28caa5a83"
        },
        {
          "type": "renderModule",
          "assetId": "JTwV6PXJOEX1",
          "checksum": "67885f9b9a6ec62e04b66e4acc8c7559"
        },
        {
          "type": "cssRules",
          "assetId": "JTwV6PXJOEX1",
          "checksum": "67885f9b9a6ec62e04b66e4acc8c7559"
        },
        {
          "type": "renderModule",
          "assetId": "aJOke30P1rS_",
          "checksum": "e01353cdb6ec8883aabcd0fddaa15285"
        },
        {
          "type": "cssRules",
          "assetId": "aJOke30P1rS_",
          "checksum": "e01353cdb6ec8883aabcd0fddaa15285"
        },
        {
          "type": "renderModule",
          "assetId": "vjxuT1pir1pU",
          "checksum": "cb3420e1a9aa82ef24f60b572cbd6fb7"
        },
        {
          "type": "cssRules",
          "assetId": "vjxuT1pir1pU",
          "checksum": "cb3420e1a9aa82ef24f60b572cbd6fb7"
        },
        {
          "type": "renderModule",
          "assetId": "wuCFF0EG1o6D",
          "checksum": "94b640937e3c44f27fc62e92a8382321"
        },
        {
          "type": "cssRules",
          "assetId": "wuCFF0EG1o6D",
          "checksum": "94b640937e3c44f27fc62e92a8382321"
        },
        {
          "type": "renderModule",
          "assetId": "EQShKtt0DfSk",
          "checksum": "543d785f4b92be9879a86abeae4aefb5"
        },
        {
          "type": "cssRules",
          "assetId": "EQShKtt0DfSk",
          "checksum": "543d785f4b92be9879a86abeae4aefb5"
        },
        {
          "type": "renderModule",
          "assetId": "w81G4mUA-VvW",
          "checksum": "844c44c9006b81969f3e80dd33c43dc4"
        },
        {
          "type": "cssRules",
          "assetId": "w81G4mUA-VvW",
          "checksum": "844c44c9006b81969f3e80dd33c43dc4"
        },
        {
          "type": "renderModule",
          "assetId": "I8vvHqaPHWkO",
          "checksum": "47ab843a53a8b9b865984f774b328c39"
        },
        {
          "type": "cssRules",
          "assetId": "I8vvHqaPHWkO",
          "checksum": "47ab843a53a8b9b865984f774b328c39"
        },
        {
          "type": "renderModule",
          "assetId": "Nv-f87L1MUx7",
          "checksum": "d7ec2f189c53228a0d0d9b7ca5a04753"
        },
        {
          "type": "cssRules",
          "assetId": "Nv-f87L1MUx7",
          "checksum": "d7ec2f189c53228a0d0d9b7ca5a04753"
        },
        {
          "type": "renderModule",
          "assetId": "WDDaSJMd5buE",
          "checksum": "d958d2df926be5687fa8f4718b009344"
        },
        {
          "type": "cssRules",
          "assetId": "WDDaSJMd5buE",
          "checksum": "d958d2df926be5687fa8f4718b009344"
        },
        {
          "type": "renderModule",
          "assetId": "2LAHFvjam5tT",
          "checksum": "4ef9596e620284ca855d9084e0b0b4d2"
        },
        {
          "type": "cssRules",
          "assetId": "2LAHFvjam5tT",
          "checksum": "4ef9596e620284ca855d9084e0b0b4d2"
        },
        {
          "type": "renderModule",
          "assetId": "q2VQxRgVHr2r",
          "checksum": "452674165422aad9950c6e42980fd097"
        },
        {
          "type": "cssRules",
          "assetId": "q2VQxRgVHr2r",
          "checksum": "452674165422aad9950c6e42980fd097"
        },
        {
          "type": "renderModule",
          "assetId": "-JXF18N1eMSf",
          "checksum": "b8ef4ea1235c0f44ed34e779e37b14b4"
        },
        {
          "type": "cssRules",
          "assetId": "-JXF18N1eMSf",
          "checksum": "b8ef4ea1235c0f44ed34e779e37b14b4"
        },
        {
          "type": "renderModule",
          "assetId": "nLFZBWuqWsMB",
          "checksum": "4c60cb4f3a267d1e67676b3f2e361a3d"
        },
        {
          "type": "cssRules",
          "assetId": "nLFZBWuqWsMB",
          "checksum": "4c60cb4f3a267d1e67676b3f2e361a3d"
        },
        {
          "type": "renderModule",
          "assetId": "kCfKs1vqA6_E",
          "checksum": "3aa416cf3d8eeea2a160bfb514bdf117"
        },
        {
          "type": "cssRules",
          "assetId": "kCfKs1vqA6_E",
          "checksum": "3aa416cf3d8eeea2a160bfb514bdf117"
        },
        {
          "type": "renderModule",
          "assetId": "as4LbzE516j9",
          "checksum": "65e0746c63df317f4501534a1c3a48b2"
        },
        {
          "type": "cssRules",
          "assetId": "as4LbzE516j9",
          "checksum": "65e0746c63df317f4501534a1c3a48b2"
        },
        {
          "type": "renderModule",
          "assetId": "bj3CfNb3_uqC",
          "checksum": "de3ddf32d5aef97120f58b956dd2b7ae"
        },
        {
          "type": "cssRules",
          "assetId": "bj3CfNb3_uqC",
          "checksum": "de3ddf32d5aef97120f58b956dd2b7ae"
        },
        {
          "type": "renderModule",
          "assetId": "8eHqUMWBUQQZ",
          "checksum": "408b7eff56b9406e239c0f937b4aeced"
        },
        {
          "type": "cssRules",
          "assetId": "8eHqUMWBUQQZ",
          "checksum": "408b7eff56b9406e239c0f937b4aeced"
        },
        {
          "type": "renderModule",
          "assetId": "aR0WJlZINKrw",
          "checksum": "55dffcc79bfc70398bb3259aa1fe7bdc"
        },
        {
          "type": "cssRules",
          "assetId": "aR0WJlZINKrw",
          "checksum": "55dffcc79bfc70398bb3259aa1fe7bdc"
        },
        {
          "type": "renderModule",
          "assetId": "P_oyNDh3kiUq",
          "checksum": "6844f0b1eab3e64f48da61dff7fd848c"
        },
        {
          "type": "cssRules",
          "assetId": "P_oyNDh3kiUq",
          "checksum": "6844f0b1eab3e64f48da61dff7fd848c"
        },
        {
          "type": "renderModule",
          "assetId": "hHMHnoOZA_CD",
          "checksum": "e37d39ed88d3872a9321b7f112a81e1f"
        },
        {
          "type": "cssRules",
          "assetId": "hHMHnoOZA_CD",
          "checksum": "e37d39ed88d3872a9321b7f112a81e1f"
        },
        {
          "type": "renderModule",
          "assetId": "maGCetjbMwYp",
          "checksum": "c4db612129754123018238f4c8ff4f64"
        },
        {
          "type": "cssRules",
          "assetId": "maGCetjbMwYp",
          "checksum": "c4db612129754123018238f4c8ff4f64"
        },
        {
          "type": "renderModule",
          "assetId": "sNtHkQCpIuxn",
          "checksum": "0acaf2dd7e6eecdf4009f9be3f4d925a"
        },
        {
          "type": "cssRules",
          "assetId": "sNtHkQCpIuxn",
          "checksum": "0acaf2dd7e6eecdf4009f9be3f4d925a"
        },
        {
          "type": "renderModule",
          "assetId": "f6GYXHshZ0Fs",
          "checksum": "179e609e12a38bb974b6612dfae2d5aa"
        },
        {
          "type": "cssRules",
          "assetId": "f6GYXHshZ0Fs",
          "checksum": "179e609e12a38bb974b6612dfae2d5aa"
        },
        {
          "type": "renderModule",
          "assetId": "JtHKLkRqLyx-",
          "checksum": "18250255d7f64b9e205d740382be9736"
        },
        {
          "type": "cssRules",
          "assetId": "JtHKLkRqLyx-",
          "checksum": "18250255d7f64b9e205d740382be9736"
        },
        {
          "type": "renderModule",
          "assetId": "sncfOMCbdWMu",
          "checksum": "77ceab38a06193c30d2d0c9abcf3763e"
        },
        {
          "type": "cssRules",
          "assetId": "sncfOMCbdWMu",
          "checksum": "77ceab38a06193c30d2d0c9abcf3763e"
        },
        {
          "type": "renderModule",
          "assetId": "oUEeU2TYbEhh",
          "checksum": "350f29f62c8072134f903138328b4c0c"
        },
        {
          "type": "cssRules",
          "assetId": "oUEeU2TYbEhh",
          "checksum": "350f29f62c8072134f903138328b4c0c"
        },
        {
          "type": "renderModule",
          "assetId": "yP6GdWiKL8XJ",
          "checksum": "787571965f6a8972749cbbf2be8812c5"
        },
        {
          "type": "cssRules",
          "assetId": "yP6GdWiKL8XJ",
          "checksum": "787571965f6a8972749cbbf2be8812c5"
        },
        {
          "type": "renderModule",
          "assetId": "-eDXHzfdIeHq",
          "checksum": "cf9a5a8a680f7ea9e2e4d3dfc38edf4a"
        },
        {
          "type": "cssRules",
          "assetId": "-eDXHzfdIeHq",
          "checksum": "cf9a5a8a680f7ea9e2e4d3dfc38edf4a"
        },
        {
          "type": "renderModule",
          "assetId": "bY524CGT1Qpz",
          "checksum": "34e0608c6bec8a193aef756116e07926"
        },
        {
          "type": "cssRules",
          "assetId": "bY524CGT1Qpz",
          "checksum": "34e0608c6bec8a193aef756116e07926"
        },
        {
          "type": "renderModule",
          "assetId": "QACqVA5nfjte",
          "checksum": "edf9c5b754cbbcefcb54cee8ff63ac35"
        },
        {
          "type": "cssRules",
          "assetId": "QACqVA5nfjte",
          "checksum": "edf9c5b754cbbcefcb54cee8ff63ac35"
        },
        {
          "type": "renderModule",
          "assetId": "IigZUWrCtPw2",
          "checksum": "359fc3cbefc59f78583558425c1ba898"
        },
        {
          "type": "cssRules",
          "assetId": "IigZUWrCtPw2",
          "checksum": "359fc3cbefc59f78583558425c1ba898"
        },
        {
          "type": "renderModule",
          "assetId": "Up53sXl3JeW5",
          "checksum": "67f03d0dc6f75e087ecd173c4a37c76e"
        },
        {
          "type": "cssRules",
          "assetId": "Up53sXl3JeW5",
          "checksum": "67f03d0dc6f75e087ecd173c4a37c76e"
        },
        {
          "type": "renderModule",
          "assetId": "xHwS06ZerIoO",
          "checksum": "72ba1216b8b4a5e7ef4ab9ac331f384d"
        },
        {
          "type": "cssRules",
          "assetId": "xHwS06ZerIoO",
          "checksum": "72ba1216b8b4a5e7ef4ab9ac331f384d"
        },
        {
          "type": "renderModule",
          "assetId": "rE2uQXz7WClg",
          "checksum": "42e9932ff1935db18e1b7a35e22c0322"
        },
        {
          "type": "cssRules",
          "assetId": "rE2uQXz7WClg",
          "checksum": "42e9932ff1935db18e1b7a35e22c0322"
        },
        {
          "type": "renderModule",
          "assetId": "dtDv5IbPyMju",
          "checksum": "2f9485b182daf23c7d19137265e6daf5"
        },
        {
          "type": "cssRules",
          "assetId": "dtDv5IbPyMju",
          "checksum": "2f9485b182daf23c7d19137265e6daf5"
        },
        {
          "type": "renderModule",
          "assetId": "K0e1kB1AsK1C",
          "checksum": "4191833254955535ef14d666e6693b92"
        },
        {
          "type": "cssRules",
          "assetId": "K0e1kB1AsK1C",
          "checksum": "4191833254955535ef14d666e6693b92"
        },
        {
          "type": "renderModule",
          "assetId": "h-qCNPumay6S",
          "checksum": "58220b901bddf32f0710a666b997b4ee"
        },
        {
          "type": "cssRules",
          "assetId": "h-qCNPumay6S",
          "checksum": "58220b901bddf32f0710a666b997b4ee"
        },
        {
          "type": "renderModule",
          "assetId": "jNArPg698Irk",
          "checksum": "c3c3d6e5a537cfde4c8991b21952c36a"
        },
        {
          "type": "cssRules",
          "assetId": "jNArPg698Irk",
          "checksum": "c3c3d6e5a537cfde4c8991b21952c36a"
        },
        {
          "type": "renderModule",
          "assetId": "t1udW_QEtlXa",
          "checksum": "c45695b921ae1733a8216bb262d9b099"
        },
        {
          "type": "cssRules",
          "assetId": "t1udW_QEtlXa",
          "checksum": "c45695b921ae1733a8216bb262d9b099"
        },
        {
          "type": "renderModule",
          "assetId": "Lk6JgqMmYsF6",
          "checksum": "cab12f13e93c46aca6296bbc4a705ddf"
        },
        {
          "type": "cssRules",
          "assetId": "Lk6JgqMmYsF6",
          "checksum": "cab12f13e93c46aca6296bbc4a705ddf"
        },
        {
          "type": "renderModule",
          "assetId": "pBfrWGe6jKYv",
          "checksum": "c238b335a98b2d6088f99c34c818cbf7"
        },
        {
          "type": "cssRules",
          "assetId": "pBfrWGe6jKYv",
          "checksum": "c238b335a98b2d6088f99c34c818cbf7"
        },
        {
          "type": "renderModule",
          "assetId": "SjnuGc01RCAg",
          "checksum": "73fb87446beff61655e466c27045e521"
        },
        {
          "type": "cssRules",
          "assetId": "SjnuGc01RCAg",
          "checksum": "73fb87446beff61655e466c27045e521"
        },
        {
          "type": "icon",
          "assetId": "wUfM8ozzkHkf",
          "checksum": "e756d0afbad69cafea23507024147f20"
        },
        {
          "type": "icon",
          "assetId": "3vZ6LsfPOxdi",
          "checksum": "699f149404f1f41125ffb26bab5c97f8"
        },
        {
          "type": "icon",
          "assetId": "DJCZ30FSSW4V",
          "checksum": "28ddce24394e369d82d930b69645f66e"
        },
        {
          "type": "icon",
          "assetId": "I0hu55gL5MHN",
          "checksum": "3953491b593a27f25da32b83a89c352c"
        },
        {
          "type": "icon",
          "assetId": "KT_fzt3f85S5",
          "checksum": "b7bcdba5b49558c9ad02f8fad766d607"
        },
        {
          "type": "icon",
          "assetId": "PZ_INQhu-OFD",
          "checksum": "7888e20911b1e780d5820725895bdde9"
        },
        {
          "type": "icon",
          "assetId": "MbXf79qfNc9-",
          "checksum": "eb6a4803b5dd38d85736647b96b12dba"
        },
        {
          "type": "icon",
          "assetId": "NJW6VTG4j1-N",
          "checksum": "530756e11fffd457c3d2ecab7c67c307"
        },
        {
          "type": "icon",
          "assetId": "YYr3WFQCnSX8",
          "checksum": "9d22079daa1c943dabd1ff2061c55043"
        },
        {
          "type": "icon",
          "assetId": "-CvT-vR8Bfkd",
          "checksum": "0e41aa852acc86516b4b25a7ad8aa595"
        },
        {
          "type": "icon",
          "assetId": "-7NYYr2J81o2",
          "checksum": "46965fe4799a8aae3bb2dac0bb51db9f"
        },
        {
          "type": "icon",
          "assetId": "gvbI6nHpb9NB",
          "checksum": "87f4c1c45663fb57a83976bb53837c33"
        },
        {
          "type": "image",
          "assetId": "6t8igvxT-0p3",
          "checksum": "3e4c31da1545fdb651a505b16cbc8019"
        },
        {
          "type": "image",
          "assetId": "b4D3QBp8fsPw",
          "checksum": "2618f3b7117e756332ed9ea36a8abcbc"
        },
        {
          "type": "image",
          "assetId": "FbLaNxUiJRWl",
          "checksum": "1c8aa93c12b108f5c032b12343e94281"
        },
        {
          "type": "image",
          "assetId": "n6mQu6cnhAi4",
          "checksum": "b3d5f46c4180fee61e0ffe923e3b19dc"
        },
        {
          "type": "image",
          "assetId": "r12IcYs_WZzm",
          "checksum": "6a24b95b343df0f6496162b4994cfcdb"
        },
        {
          "type": "image",
          "assetId": "mTMXmXAAJX1k",
          "checksum": "04239df24e88e78f6e18b6172fd8cd93"
        },
        {
          "type": "image",
          "assetId": "GmDz8ONA1AKD",
          "checksum": "b219b383b837c2fbdb927fd4df38f30a"
        },
        {
          "type": "image",
          "assetId": "8tY64D6RwMn3",
          "checksum": "57bc81f21e744bf77cd8e39f9f1d6140"
        },
        {
          "type": "image",
          "assetId": "KQqyQ4dRlkqz",
          "checksum": "c9c5f13c2f4c1f640d2c4c62050326ec"
        },
        {
          "type": "image",
          "assetId": "fE_N9Zm-pNSo",
          "checksum": "6f57dd35dd1945e40e168a200667411d"
        },
        {
          "type": "image",
          "assetId": "7OUk-JZD1Rax",
          "checksum": "a55996cf55b43ac3475e5bfeb6c833c5"
        },
        {
          "type": "image",
          "assetId": "96DCrG9Zd-wj",
          "checksum": "f8ffe6e6d1f03707a46434451c662e71"
        },
        {
          "type": "image",
          "assetId": "H_AGIFWpZWcJ",
          "checksum": "79eb47a01f1af8ab2f2002b3f60baead"
        },
        {
          "type": "image",
          "assetId": "lBgtM_Z1BhP3",
          "checksum": "17f9e6fd8e7e55695f07006587525504"
        },
        {
          "type": "image",
          "assetId": "1gQZrtC_oo0C",
          "checksum": "95f04245b1e37fbaca512547bb9f409b"
        },
        {
          "type": "image",
          "assetId": "Y49mKGho40Bf",
          "checksum": "041e59fcc55600fd47328b5639800257"
        },
        {
          "type": "image",
          "assetId": "X_YktxU-R2Az",
          "checksum": "4ddf7515da9f89b0b06692e0f1c12323"
        },
        {
          "type": "image",
          "assetId": "e_03hidr8bFQ",
          "checksum": "1be888a241ef51fe3732d794be28c670"
        },
        {
          "type": "image",
          "assetId": "joRL5dKXNvE5",
          "checksum": "7254834f972c48721befb75060328620"
        },
        {
          "type": "image",
          "assetId": "abeckRxJAj-h",
          "checksum": "b78efa74a9c4a1400997e571c8f2a46e"
        },
        {
          "type": "image",
          "assetId": "4du5yGRSSaqF",
          "checksum": "f2bf8164b892748f2315d586d3559c26"
        },
        {
          "type": "image",
          "assetId": "CCliDDw7PYFj",
          "checksum": "c68746e707bb09ceaa51b7f87217cac0"
        },
        {
          "type": "image",
          "assetId": "gjdDe93s7hq0",
          "checksum": "c20d2aba5a81772cc95411ee6fd8145f"
        },
        {
          "type": "image",
          "assetId": "_lYvkXqy-E0d",
          "checksum": "1c8816607b7bd91c9560becc6faebfcb"
        },
        {
          "type": "image",
          "assetId": "o7Jv_E0w8HKa",
          "checksum": "7ff87fb37edb1184d749c82b0106714f"
        },
        {
          "type": "image",
          "assetId": "vbQCBSu5Wgnv",
          "checksum": "9eb22e67267681ccf79c5d75452ff3f2"
        },
        {
          "type": "image",
          "assetId": "ji1zVCwIiFtP",
          "checksum": "3a04a41e5d7201ff798c2afa4b2d7530"
        },
        {
          "type": "image",
          "assetId": "fZYr4PIiKW1t",
          "checksum": "b5f3dd97cd55b886290e4728c30b418d"
        },
        {
          "type": "image",
          "assetId": "KmVssX3rPdW7",
          "checksum": "438f79136bb3935ae2db7251eb221e8c"
        },
        {
          "type": "image",
          "assetId": "9BKqoBnjZ1bz",
          "checksum": "63173d3f06f4fcf0de84aaaf091de72d"
        },
        {
          "type": "image",
          "assetId": "Wn9WfcAoNxzn",
          "checksum": "3e7f3f672bcfaa4de717c665e3fc4610"
        },
        {
          "type": "image",
          "assetId": "9xkx5rhD1adw",
          "checksum": "ed56bf8feb39b768c5126fc5c2463887"
        },
        {
          "type": "image",
          "assetId": "Nk5-XC5acPPm",
          "checksum": "2f31ad055066bc21081a59d5f36711c4"
        },
        {
          "type": "image",
          "assetId": "pvNVHbhJ0e6g",
          "checksum": "32a2893e4a25335ae527c4fd53e4bb92"
        },
        {
          "type": "image",
          "assetId": "IjDGyVto0D8s",
          "checksum": "0585139c1d822d239c4a20ce3c0c5065"
        },
        {
          "type": "image",
          "assetId": "9K367kLv8X86",
          "checksum": "b5c8b148430e5419e7a4c75d7de219d2"
        },
        {
          "type": "image",
          "assetId": "QwQ4H6Q1sBOt",
          "checksum": "dabe2b85d5b3447dba914b998ae5f6a1"
        },
        {
          "type": "image",
          "assetId": "0Gy-T1VPakwu",
          "checksum": "453d6ef1590bd5872cf02213d3b53d52"
        },
        {
          "type": "image",
          "assetId": "sHpE4-p10C7M",
          "checksum": "0b8b36b5de4c8d45bf49a5e6d582632e"
        },
        {
          "type": "image",
          "assetId": "aoqAyLTvWlHS",
          "checksum": "b7b507dca9f7a07865188591db641a2b"
        },
        {
          "type": "image",
          "assetId": "ecBA1zzKyqer",
          "checksum": "6ee66d14e30b0be3d292df5e9578e2c3"
        },
        {
          "type": "image",
          "assetId": "yfIyIWjP__aj",
          "checksum": "2948c86cbf4e2e654e25ed8455f67d9b"
        },
        {
          "type": "image",
          "assetId": "GgxuBmLMfYOp",
          "checksum": "4ae9762af92d748aceb6dbb990b72caf"
        },
        {
          "type": "image",
          "assetId": "_jN8PY5wusQk",
          "checksum": "2f63afc67f69c8e2f37fa4ba7e50f162"
        },
        {
          "type": "image",
          "assetId": "zvdKhnADs_Ec",
          "checksum": "5cebc4006269d60be645d663ba487184"
        },
        {
          "type": "image",
          "assetId": "H141tCEMfBeY",
          "checksum": "212b64d401cbc6cf8abd3de151fac15d"
        },
        {
          "type": "image",
          "assetId": "SyzNgg9ez0SJ",
          "checksum": "00cf2bda91a542014544264c0cf61390"
        },
        {
          "type": "image",
          "assetId": "Gi0tDRCp5q8c",
          "checksum": "b1d5763432e5d69da14fc1fcdb267e51"
        },
        {
          "type": "image",
          "assetId": "7INQAltgciCv",
          "checksum": "6a3c904fd5f21b872d99f46fb74b2686"
        },
        {
          "type": "image",
          "assetId": "hFYD9cKskzXt",
          "checksum": "839063682dc784d4c92bceed4c706169"
        },
        {
          "type": "image",
          "assetId": "O5HHX8IO7PAM",
          "checksum": "a77b1759853c00f6784259f123437529"
        },
        {
          "type": "image",
          "assetId": "Bi9TV69ga4-d",
          "checksum": "91f5c4f8aa4aa95e42149001503d787e"
        },
        {
          "type": "image",
          "assetId": "scg7VyO8Y2_Z",
          "checksum": "c11b92da0395931e7f389f3e37adcccb"
        },
        {
          "type": "image",
          "assetId": "AdM58BXUMz22",
          "checksum": "adde2efd9b33eef9e36539144a42c475"
        },
        {
          "type": "image",
          "assetId": "8B7_BHLqrIRC",
          "checksum": "92c24652a00a40e1d4d6f3d8ecf09bf4"
        },
        {
          "type": "image",
          "assetId": "6Cg-LBu6JMRC",
          "checksum": "f5929445c9fa8d5ab84bb3f8afa6bf5d"
        },
        {
          "type": "image",
          "assetId": "qxJJiAI7d_Bg",
          "checksum": "d5f1b8ebf4e265761772629fec3fe503"
        },
        {
          "type": "image",
          "assetId": "VnnRFssuz8yH",
          "checksum": "b14fa64918d5624811deb5a5dfeefde4"
        },
        {
          "type": "image",
          "assetId": "wosGFR_emmpE",
          "checksum": "201617d9359edc7be93de4c8a5c55111"
        },
        {
          "type": "image",
          "assetId": "mrHSfN3fYmmA",
          "checksum": "60c395c4457a40117e7bbba039590bf7"
        },
        {
          "type": "image",
          "assetId": "yCXuBeCZFOvD",
          "checksum": "aba9a87d04fe5335bd2cccb480a103ac"
        },
        {
          "type": "image",
          "assetId": "maKIILzL1Dyz",
          "checksum": "0ad20e14d503cd2c54e735ea7774f6bf"
        },
        {
          "type": "image",
          "assetId": "_JaqK9Ro3IID",
          "checksum": "67f8b39188da0aa607b25d2dadc760c4"
        },
        {
          "type": "image",
          "assetId": "-ysqdRfZRogy",
          "checksum": "01c2c1780c6205cee3307df8cf19ca2f"
        },
        {
          "type": "image",
          "assetId": "8zlDhF8YdMjf",
          "checksum": "384d0daa220e0442b97a9beb0d58d2c7"
        },
        {
          "type": "image",
          "assetId": "dnoUMA6WnGdS",
          "checksum": "35780d9f0cf558ef33db4483b5d95b21"
        },
        {
          "type": "image",
          "assetId": "ZdEQT9GbbD9l",
          "checksum": "042fd9b01c4085bf04ff919e698117db"
        },
        {
          "type": "image",
          "assetId": "UobStTuEBMUg",
          "checksum": "4b0c2ac8b65fce02637d65ba266604cc"
        },
        {
          "type": "image",
          "assetId": "M-JEM16TVa57",
          "checksum": "459f60cb8e11752c1d577a2ca1b172d4"
        },
        {
          "type": "image",
          "assetId": "SphcsCMP8jZg",
          "checksum": "e3c500c3ea70d29ccbfc772d0ba4357b"
        },
        {
          "type": "image",
          "assetId": "hJPLW4l8xPs6",
          "checksum": "e6cce90748d77c13e6e8a36173081942"
        },
        {
          "type": "image",
          "assetId": "_JjickR7CKh2",
          "checksum": "92b39cd1ed3827d938ecd5b33bd6aad3"
        },
        {
          "type": "image",
          "assetId": "GJzd2AdyBeKj",
          "checksum": "63fd1fbc3fefa77906a7c616d23fc03d"
        },
        {
          "type": "image",
          "assetId": "R6GYoSxLclo2",
          "checksum": "05d464e0d3823fc7ced00857432cb18f"
        },
        {
          "type": "image",
          "assetId": "f-L2Hh7WoGHR",
          "checksum": "16e058de8b50d7312f5d3a3603babefa"
        },
        {
          "type": "image",
          "assetId": "qaxT33Okfn5e",
          "checksum": "4d3706b1bd1b84ad2717fb93ea294aac"
        },
        {
          "type": "image",
          "assetId": "WiJF6FT8AGZE",
          "checksum": "ab78b1d6c992cefa8585e8b9b57e59d6"
        },
        {
          "type": "image",
          "assetId": "5o6lDkanaZ1r",
          "checksum": "8d862312318dde267cb3fd8cda21d063"
        },
        {
          "type": "image",
          "assetId": "fDOVN3xgztQ0",
          "checksum": "3877bef9d171144ecee7d032c3e5793c"
        },
        {
          "type": "image",
          "assetId": "1nm9kDQ6gkDY",
          "checksum": "2395aa4c264a07a43e3e70c1c0e00ea7"
        },
        {
          "type": "image",
          "assetId": "qAxnZG4vhhiC",
          "checksum": "4e3039a716cb4fe8b6f6293fd2e0b315"
        },
        {
          "type": "image",
          "assetId": "VwPjsl_TmJH4",
          "checksum": "66e0ea49d85585d344cc13548773f733"
        },
        {
          "type": "image",
          "assetId": "4Vi1xsbKEfGb",
          "checksum": "a484c6217ca07ca17cee2c0b7693dec6"
        },
        {
          "type": "image",
          "assetId": "Wyj6Qx6PYR9b",
          "checksum": "d949bb0e000f2d8095667f75d09deb11"
        },
        {
          "type": "image",
          "assetId": "NVlDAq8bgeY4",
          "checksum": "f68dbc78ff543d3d795dac9e0569c9a3"
        },
        {
          "type": "image",
          "assetId": "J0_B_z_gaM9O",
          "checksum": "226b97a59ee1eaaf6bc4432129006557"
        },
        {
          "type": "image",
          "assetId": "5g_RGXtu317E",
          "checksum": "34d9bb763dd10e60c64882e4bde1f05d"
        },
        {
          "type": "image",
          "assetId": "cMZOr-p70lhR",
          "checksum": "08c0a20f37d683017fa0ea5603f22ac8"
        },
        {
          "type": "image",
          "assetId": "8_hDg4Kfi-tA",
          "checksum": "b221428ff3f9025850a92984aca3fe4e"
        },
        {
          "type": "image",
          "assetId": "JYtDO3dBBRvC",
          "checksum": "6a71499f27eeac05d0a19df7a86a6edf"
        },
        {
          "type": "image",
          "assetId": "-GYcOHT4vsrd",
          "checksum": "6f71953e4279dfa3dfe891db93560875"
        },
        {
          "type": "image",
          "assetId": "FcTZbVN3_IVk",
          "checksum": "cae52f0f347f7252bef21ba182a2dd89"
        },
        {
          "type": "image",
          "assetId": "3SKEunulzdZP",
          "checksum": "2a4fa6dd8e9026c070e5a50848f50edf"
        },
        {
          "type": "image",
          "assetId": "pmQfzz6F3cSc",
          "checksum": "92a534a22cc7426b07c419148d90d538"
        },
        {
          "type": "image",
          "assetId": "Crvyp5-OlBem",
          "checksum": "a8a3fcb66e5a9e634612a77af7d9ae17"
        },
        {
          "type": "image",
          "assetId": "N1YYuV-VR0TJ",
          "checksum": "92190923f21f9d0fe0cb1e8fa822627d"
        },
        {
          "type": "image",
          "assetId": "DikhPRoZu9aJ",
          "checksum": "78f553cd117cb454a5a7bb1e978fbc06"
        },
        {
          "type": "image",
          "assetId": "EIdVXuREVafM",
          "checksum": "f9a4ed4bf4787bfa21f9607aa19ada06"
        },
        {
          "type": "image",
          "assetId": "KkoLRE2aNoXF",
          "checksum": "107dfcca16eec86b5b2af7a59e79497b"
        },
        {
          "type": "image",
          "assetId": "3sXCzLPnCy4h",
          "checksum": "2ab98df0006e90b452d76dd26ecb8bb2"
        },
        {
          "type": "image",
          "assetId": "goZCeulabsGh",
          "checksum": "fa9aee841f083e5a3a4ee4822f2c47d9"
        },
        {
          "type": "image",
          "assetId": "bjfXzJhIl_Kb",
          "checksum": "43d8d149bbfd6fd618482720d37ffcd6"
        },
        {
          "type": "image",
          "assetId": "IYUMLP-8gOes",
          "checksum": "512a7bfc31cbba617f01f432e7e68281"
        },
        {
          "type": "image",
          "assetId": "NuTi0HJbWUsy",
          "checksum": "f3aa1bb9d52e490a7a1b7b274a5fb1ab"
        },
        {
          "type": "image",
          "assetId": "6FU4dsYWZJk4",
          "checksum": "0b5b3c40c432550eabe32da02e7f7647"
        },
        {
          "type": "image",
          "assetId": "ltcMrTpuCZb6",
          "checksum": "72bb352678b3a206962c05cf53f8ecdb"
        },
        {
          "type": "image",
          "assetId": "caPnxJmRCwoB",
          "checksum": "d49781a996ef65248402bb925e55293e"
        },
        {
          "type": "image",
          "assetId": "yrmZLYsEP5eL",
          "checksum": "76a936910ca7d0abf2910c0bd5daeccd"
        },
        {
          "type": "image",
          "assetId": "Avgksh_JWl4Q",
          "checksum": "a046bdbc4795deae83840726b17da2a6"
        },
        {
          "type": "image",
          "assetId": "Rzj8zk-qjZlj",
          "checksum": "0bc19235b1bc008a2feb4645928d38e2"
        },
        {
          "type": "image",
          "assetId": "qvbyTgSXXwTU",
          "checksum": "3fa5b7074d851b52943e6333b0fce8f1"
        },
        {
          "type": "image",
          "assetId": "YhVf_t5bvcxM",
          "checksum": "61c03a6bfd07b880229e9dceb438dedb"
        },
        {
          "type": "image",
          "assetId": "XyNpW0P1TaMo",
          "checksum": "f1b9ece3ad0a165374de8a169757c878"
        },
        {
          "type": "image",
          "assetId": "5KC-Kqq0ch6i",
          "checksum": "642d40b7f03841125bf36ed17b88f212"
        },
        {
          "type": "image",
          "assetId": "p3jLYwAIcCIr",
          "checksum": "8161ba095e764580013f212cbb580597"
        },
        {
          "type": "image",
          "assetId": "nVAFMKLNIBU8",
          "checksum": "152308d4ed9e5ddf5d36f6e240b24c9d"
        },
        {
          "type": "image",
          "assetId": "ybCc8uBLo6Hg",
          "checksum": "12e542bc00b35087f98f97ac4ea8976d"
        },
        {
          "type": "image",
          "assetId": "PEdYypov9GR6",
          "checksum": "51ccf92950704375b8deefed854ec05c"
        },
        {
          "type": "image",
          "assetId": "qsjkOcMnbJKB",
          "checksum": "fd82492aa930cc9bcf5f90cae6c79048"
        },
        {
          "type": "image",
          "assetId": "6iR2BsS83Mjh",
          "checksum": "b65edf1d823495b8e174467b52e87996"
        },
        {
          "type": "image",
          "assetId": "ODLfBsQsvDWD",
          "checksum": "a46fe02e6f7e7d0c72d4a648ea45ad40"
        },
        {
          "type": "image",
          "assetId": "64-3pjLitFqY",
          "checksum": "d201843f786d5de251a6c5d5d10c753e"
        },
        {
          "type": "image",
          "assetId": "6vNcBD0A5d0Y",
          "checksum": "9f969ddd2039d90abb160126f3662e43"
        },
        {
          "assetId": "qrPZwqtrqWM4S9b4djCj1H",
          "checksum": "c2ad779e85cf394e686a3303094a429b",
          "type": "projectModule"
        },
        {
          "assetId": "qrPZwqtrqWM4S9b4djCj1H",
          "checksum": "0535cc66bf31cad820f9a23343376979",
          "type": "styleTokensProvider"
        },
        {
          "type": "icon",
          "assetId": "Ax6wFq32fsMu",
          "checksum": "a75303b60070ad6852ffd10b7c82c294"
        },
        {
          "type": "icon",
          "assetId": "D1ZJUrIo0Osa",
          "checksum": "65643365386450d0c006146d1001b981"
        },
        {
          "type": "icon",
          "assetId": "NXdWphelV7Ee",
          "checksum": "d75d37d514021542b2a3fbe6720a85e1"
        },
        {
          "assetId": "qrPZwqtrqWM4S9b4djCj1H",
          "type": "projectCss",
          "checksum": "798e456ef7d5984c70cab67d5d11ec4a"
        }
      ],
      "codegenVersion": "0.0.3"
    }
  ],
  "cliVersion": "0.1.331"
}
