{
  "projects": [
    {
      "projectId": "28Ba3BDvRe7EiWdfFNnLB6",
      "version": "2.35.0",
      "dependencies": {},
      "lang": "ts",
      "fileLocks": [
        {
          "assetId": "28Ba3BDvRe7EiWdfFNnLB6",
          "type": "projectCss",
          "checksum": "e1ec850476829c38b0f9b6d4f7ac446a"
        }
      ],
      "codegenVersion": "0.0.1"
    },
    {
      "projectId": "gLnoj82AzKVVT7qXiqAbHD",
      "version": "2.11.0",
      "dependencies": {},
      "lang": "ts",
      "fileLocks": [
        {
          "assetId": "gLnoj82AzKVVT7qXiqAbHD",
          "type": "projectCss",
          "checksum": "e1ec850476829c38b0f9b6d4f7ac446a"
        },
        {
          "type": "renderModule",
          "assetId": "lBHNzts6tFyj",
          "checksum": "23a3f5ba190ca0148ffcc66137739d36"
        },
        {
          "type": "cssRules",
          "assetId": "lBHNzts6tFyj",
          "checksum": "23a3f5ba190ca0148ffcc66137739d36"
        },
        {
          "type": "icon",
          "assetId": "zq2s7N0xWucT",
          "checksum": "61b12414624174db4cd2e3e683119fcb"
        },
        {
          "type": "icon",
          "assetId": "8K40faRNhuCj",
          "checksum": "4fedd32cd8730884585d804464a39318"
        }
      ],
      "codegenVersion": "0.0.1"
    },
    {
      "projectId": "q8iq2J191QypeBqVSHzb6M",
      "version": "0.6.0",
      "dependencies": {},
      "lang": "ts",
      "fileLocks": [
        {
          "assetId": "q8iq2J191QypeBqVSHzb6M",
          "type": "projectCss",
          "checksum": "e1ec850476829c38b0f9b6d4f7ac446a"
        }
      ],
      "codegenVersion": "0.0.1"
    },
    {
      "projectId": "8PtdGodUbexNYgkuyBUcWu",
      "version": "3.24.0",
      "dependencies": {},
      "lang": "ts",
      "fileLocks": [
        {
          "assetId": "8PtdGodUbexNYgkuyBUcWu",
          "type": "projectCss",
          "checksum": "938244692ddaafd351b253f33afb418e"
        },
        {
          "assetId": "8PtdGodUbexNYgkuyBUcWu",
          "checksum": "34a063f27f0b27a7d1d344bc6b5252c5",
          "type": "globalContexts"
        }
      ],
      "codegenVersion": "0.0.1"
    },
    {
      "projectId": "kS7YGZfVr6mU43XDQjXELc",
      "version": "0.15.0",
      "dependencies": {},
      "lang": "ts",
      "fileLocks": [
        {
          "assetId": "kS7YGZfVr6mU43XDQjXELc",
          "type": "projectCss",
          "checksum": "e1ec850476829c38b0f9b6d4f7ac446a"
        }
      ],
      "codegenVersion": "0.0.1"
    },
    {
      "projectId": "r3ASNrnyvLLLAtDvzUioQ",
      "version": "4.5.0",
      "dependencies": {},
      "lang": "ts",
      "fileLocks": [
        {
          "assetId": "r3ASNrnyvLLLAtDvzUioQ",
          "type": "projectCss",
          "checksum": "e1ec850476829c38b0f9b6d4f7ac446a"
        }
      ],
      "codegenVersion": "0.0.1"
    },
    {
      "projectId": "22U3ZXm4dE59qEW488gxzU",
      "version": "0.27.0",
      "dependencies": {},
      "lang": "ts",
      "fileLocks": [
        {
          "assetId": "22U3ZXm4dE59qEW488gxzU",
          "type": "projectCss",
          "checksum": "e83dd5e1c759939340531890aaf9ea95"
        },
        {
          "assetId": "22U3ZXm4dE59qEW488gxzU",
          "checksum": "060bb74494371f939de72df9e191bdcf",
          "type": "globalContexts"
        }
      ],
      "codegenVersion": "0.0.1"
    },
    {
      "projectId": "caTPwKxj5ZrD9LQ7DMdK4Z",
      "version": "3.36.0",
      "dependencies": {},
      "lang": "ts",
      "fileLocks": [
        {
          "assetId": "caTPwKxj5ZrD9LQ7DMdK4Z",
          "type": "projectCss",
          "checksum": "e1ec850476829c38b0f9b6d4f7ac446a"
        }
      ],
      "codegenVersion": "0.0.1"
    },
    {
      "projectId": "58GpZjZCWTaJ8AUhpCwt2K",
      "version": "3.25.0",
      "dependencies": {},
      "lang": "ts",
      "fileLocks": [
        {
          "assetId": "58GpZjZCWTaJ8AUhpCwt2K",
          "type": "projectCss",
          "checksum": "1f73b697edde7e05afb0dbd986b8b29c"
        }
      ],
      "codegenVersion": "0.0.1"
    },
    {
      "projectId": "YUiM7yqBWAqsh8KSnrdj7",
      "version": "0.29.0",
      "dependencies": {},
      "lang": "ts",
      "fileLocks": [
        {
          "assetId": "YUiM7yqBWAqsh8KSnrdj7",
          "type": "projectCss",
          "checksum": "111e2ae00744bcb5cc28bba41d8d0f1d"
        }
      ],
      "codegenVersion": "0.0.1"
    },
    {
      "projectId": "jkU633o1Cz7HrJdwdxhVHk",
      "version": "16.10.0",
      "dependencies": {},
      "lang": "ts",
      "fileLocks": [
        {
          "assetId": "jkU633o1Cz7HrJdwdxhVHk",
          "type": "projectCss",
          "checksum": "0581d4378bb1604bb5fe3f65bb0a37de"
        }
      ],
      "codegenVersion": "0.0.1"
    },
    {
      "projectId": "ohDidvG9XsCeFumugENU3J",
      "version": "6.24.0",
      "dependencies": {},
      "lang": "ts",
      "fileLocks": [
        {
          "assetId": "ohDidvG9XsCeFumugENU3J",
          "type": "projectCss",
          "checksum": "fd83b730367fdbde2c69bc6cf31c2a3c"
        },
        {
          "assetId": "ohDidvG9XsCeFumugENU3J",
          "checksum": "de0a0e65174a6a185a8f822af51c6bdd",
          "type": "globalContexts"
        }
      ],
      "codegenVersion": "0.0.1"
    },
    {
      "projectId": "7nJ7UcFmq9UzB6eXfC5z4a",
      "version": "0.28.0",
      "dependencies": {},
      "lang": "ts",
      "fileLocks": [
        {
          "assetId": "7nJ7UcFmq9UzB6eXfC5z4a",
          "type": "projectCss",
          "checksum": "806e75b741d37c4c53b87355cf8dfab1"
        }
      ],
      "codegenVersion": "0.0.1"
    },
    {
      "projectId": "qrPZwqtrqWM4S9b4djCj1H",
      "version": "latest",
      "dependencies": {
        "7nJ7UcFmq9UzB6eXfC5z4a": "0.28.0",
        "ohDidvG9XsCeFumugENU3J": "6.24.0",
        "jkU633o1Cz7HrJdwdxhVHk": "16.10.0",
        "YUiM7yqBWAqsh8KSnrdj7": "0.29.0",
        "58GpZjZCWTaJ8AUhpCwt2K": "3.25.0",
        "caTPwKxj5ZrD9LQ7DMdK4Z": "3.36.0",
        "22U3ZXm4dE59qEW488gxzU": "0.27.0",
        "r3ASNrnyvLLLAtDvzUioQ": "4.5.0",
        "kS7YGZfVr6mU43XDQjXELc": "0.15.0",
        "8PtdGodUbexNYgkuyBUcWu": "3.24.0",
        "q8iq2J191QypeBqVSHzb6M": "0.6.0",
        "gLnoj82AzKVVT7qXiqAbHD": "2.11.0",
        "28Ba3BDvRe7EiWdfFNnLB6": "2.35.0"
      },
      "lang": "ts",
      "fileLocks": [
        {
          "type": "globalVariant",
          "assetId": "KuWQQBs0eRIp",
          "checksum": "0cd80dd2b8a8b0523df821abc98c1581"
        },
        {
          "assetId": "qrPZwqtrqWM4S9b4djCj1H",
          "checksum": "825f9bdb710e5917a7258fc0d8a517cb",
          "type": "globalContexts"
        },
        {
          "type": "renderModule",
          "assetId": "Xd9E_MwwgcEP",
          "checksum": "01758cef12426037d21e5f3b07cebd1d"
        },
        {
          "type": "cssRules",
          "assetId": "Xd9E_MwwgcEP",
          "checksum": "01758cef12426037d21e5f3b07cebd1d"
        },
        {
          "type": "renderModule",
          "assetId": "j_koFSvK1RER",
          "checksum": "39fc1f87993bef8d98cc90a5d1868669"
        },
        {
          "type": "cssRules",
          "assetId": "j_koFSvK1RER",
          "checksum": "39fc1f87993bef8d98cc90a5d1868669"
        },
        {
          "type": "renderModule",
          "assetId": "IaB65peUmP4-",
          "checksum": "62005ae46477cba9e877b9505a8d3065"
        },
        {
          "type": "cssRules",
          "assetId": "IaB65peUmP4-",
          "checksum": "62005ae46477cba9e877b9505a8d3065"
        },
        {
          "type": "renderModule",
          "assetId": "ODoUQKl-ju5d",
          "checksum": "bb496edc20041a2012546a05e7204433"
        },
        {
          "type": "cssRules",
          "assetId": "ODoUQKl-ju5d",
          "checksum": "bb496edc20041a2012546a05e7204433"
        },
        {
          "type": "renderModule",
          "assetId": "1UJD2btGUkCV",
          "checksum": "2f8effa11e0647803801fe85ece7e469"
        },
        {
          "type": "cssRules",
          "assetId": "1UJD2btGUkCV",
          "checksum": "2f8effa11e0647803801fe85ece7e469"
        },
        {
          "type": "renderModule",
          "assetId": "gxF01VJYIuAk",
          "checksum": "b99f64ba4e32b8e753e1f70f4d83c4d4"
        },
        {
          "type": "cssRules",
          "assetId": "gxF01VJYIuAk",
          "checksum": "b99f64ba4e32b8e753e1f70f4d83c4d4"
        },
        {
          "type": "renderModule",
          "assetId": "80uXqFUeKiPi",
          "checksum": "c75036459ffd5e2d7af7f5ebf4088f0f"
        },
        {
          "type": "cssRules",
          "assetId": "80uXqFUeKiPi",
          "checksum": "c75036459ffd5e2d7af7f5ebf4088f0f"
        },
        {
          "type": "renderModule",
          "assetId": "ibG0Wlhj_XRG",
          "checksum": "7bda0cb3ca5cee84107ff4a666e67ec8"
        },
        {
          "type": "cssRules",
          "assetId": "ibG0Wlhj_XRG",
          "checksum": "7bda0cb3ca5cee84107ff4a666e67ec8"
        },
        {
          "type": "renderModule",
          "assetId": "S2d4_Y9RJ5wv",
          "checksum": "22f8db02c745bf49803e45ba43927954"
        },
        {
          "type": "cssRules",
          "assetId": "S2d4_Y9RJ5wv",
          "checksum": "22f8db02c745bf49803e45ba43927954"
        },
        {
          "type": "renderModule",
          "assetId": "uEofcDWE96YI",
          "checksum": "f9e642f8df77caf2e2fff1d873461522"
        },
        {
          "type": "cssRules",
          "assetId": "uEofcDWE96YI",
          "checksum": "f9e642f8df77caf2e2fff1d873461522"
        },
        {
          "type": "renderModule",
          "assetId": "knTcO65KI7AG",
          "checksum": "22736e804e917ed927359fcb2640442d"
        },
        {
          "type": "cssRules",
          "assetId": "knTcO65KI7AG",
          "checksum": "22736e804e917ed927359fcb2640442d"
        },
        {
          "type": "renderModule",
          "assetId": "sRXlHXHXDYps",
          "checksum": "ce79d01fcef24d33e41aafe0b92695ef"
        },
        {
          "type": "cssRules",
          "assetId": "sRXlHXHXDYps",
          "checksum": "ce79d01fcef24d33e41aafe0b92695ef"
        },
        {
          "type": "renderModule",
          "assetId": "pm7y5M1MPq4e",
          "checksum": "6d019966d6e75711ed94a66c00a9d56b"
        },
        {
          "type": "cssRules",
          "assetId": "pm7y5M1MPq4e",
          "checksum": "6d019966d6e75711ed94a66c00a9d56b"
        },
        {
          "type": "renderModule",
          "assetId": "AD9rteI8dV2J",
          "checksum": "13da59486fc8b17d0edc2d72006aa124"
        },
        {
          "type": "cssRules",
          "assetId": "AD9rteI8dV2J",
          "checksum": "13da59486fc8b17d0edc2d72006aa124"
        },
        {
          "type": "renderModule",
          "assetId": "lQi1dW4jp46h",
          "checksum": "e76482f0505ad1562891d9d8dfd3bcd2"
        },
        {
          "type": "cssRules",
          "assetId": "lQi1dW4jp46h",
          "checksum": "e76482f0505ad1562891d9d8dfd3bcd2"
        },
        {
          "type": "renderModule",
          "assetId": "aZj-iJZhifXL",
          "checksum": "8ff3b7017821d544269266558f80980b"
        },
        {
          "type": "cssRules",
          "assetId": "aZj-iJZhifXL",
          "checksum": "8ff3b7017821d544269266558f80980b"
        },
        {
          "type": "renderModule",
          "assetId": "kUph7KCegjg_",
          "checksum": "5dcd87777e2fcdbc85717fb820a4d18d"
        },
        {
          "type": "cssRules",
          "assetId": "kUph7KCegjg_",
          "checksum": "5dcd87777e2fcdbc85717fb820a4d18d"
        },
        {
          "type": "renderModule",
          "assetId": "s53iPI1wh3wh",
          "checksum": "28e9026b72f97d7cfb1b9072468bd880"
        },
        {
          "type": "cssRules",
          "assetId": "s53iPI1wh3wh",
          "checksum": "28e9026b72f97d7cfb1b9072468bd880"
        },
        {
          "type": "renderModule",
          "assetId": "SjHyr0AJYc9o",
          "checksum": "8b65b41587297b9bf0a74fa395409ae3"
        },
        {
          "type": "cssRules",
          "assetId": "SjHyr0AJYc9o",
          "checksum": "8b65b41587297b9bf0a74fa395409ae3"
        },
        {
          "type": "renderModule",
          "assetId": "tAs5iSDBu8oK",
          "checksum": "875239c3b775289e5e337a0bc5e6c13e"
        },
        {
          "type": "cssRules",
          "assetId": "tAs5iSDBu8oK",
          "checksum": "875239c3b775289e5e337a0bc5e6c13e"
        },
        {
          "type": "renderModule",
          "assetId": "-ZjOM5ux0wjZ",
          "checksum": "354106d087da888cc90979d703094ad3"
        },
        {
          "type": "cssRules",
          "assetId": "-ZjOM5ux0wjZ",
          "checksum": "354106d087da888cc90979d703094ad3"
        },
        {
          "type": "renderModule",
          "assetId": "chqzQNHroqqa",
          "checksum": "402fff6b6483491b1a056c46f521fb3d"
        },
        {
          "type": "cssRules",
          "assetId": "chqzQNHroqqa",
          "checksum": "402fff6b6483491b1a056c46f521fb3d"
        },
        {
          "type": "renderModule",
          "assetId": "AR1esKMtR6qm",
          "checksum": "595f3619093359d7ad8f649f69d3dc4f"
        },
        {
          "type": "cssRules",
          "assetId": "AR1esKMtR6qm",
          "checksum": "595f3619093359d7ad8f649f69d3dc4f"
        },
        {
          "type": "renderModule",
          "assetId": "16Wp8_IOhFej",
          "checksum": "12dbdb16d5556ece00f0401829bf37d3"
        },
        {
          "type": "cssRules",
          "assetId": "16Wp8_IOhFej",
          "checksum": "12dbdb16d5556ece00f0401829bf37d3"
        },
        {
          "type": "renderModule",
          "assetId": "JTwV6PXJOEX1",
          "checksum": "a536b1f3fb201193ac3df7f54ccf74d6"
        },
        {
          "type": "cssRules",
          "assetId": "JTwV6PXJOEX1",
          "checksum": "a536b1f3fb201193ac3df7f54ccf74d6"
        },
        {
          "type": "renderModule",
          "assetId": "aJOke30P1rS_",
          "checksum": "be52c2534225fcc729606403af83aa54"
        },
        {
          "type": "cssRules",
          "assetId": "aJOke30P1rS_",
          "checksum": "be52c2534225fcc729606403af83aa54"
        },
        {
          "type": "renderModule",
          "assetId": "vjxuT1pir1pU",
          "checksum": "d37dc83b4396e4230ffcc18434fe904a"
        },
        {
          "type": "cssRules",
          "assetId": "vjxuT1pir1pU",
          "checksum": "d37dc83b4396e4230ffcc18434fe904a"
        },
        {
          "type": "renderModule",
          "assetId": "wuCFF0EG1o6D",
          "checksum": "e65346bcbf2a88be6a9ab4eb4bb114a0"
        },
        {
          "type": "cssRules",
          "assetId": "wuCFF0EG1o6D",
          "checksum": "e65346bcbf2a88be6a9ab4eb4bb114a0"
        },
        {
          "type": "renderModule",
          "assetId": "EQShKtt0DfSk",
          "checksum": "06b38c3ae4cbf87707d9445286ee1430"
        },
        {
          "type": "cssRules",
          "assetId": "EQShKtt0DfSk",
          "checksum": "06b38c3ae4cbf87707d9445286ee1430"
        },
        {
          "type": "renderModule",
          "assetId": "za_31RmYfyg7",
          "checksum": "b09aa0a1bc98ed67bd3b186e5e8d8151"
        },
        {
          "type": "cssRules",
          "assetId": "za_31RmYfyg7",
          "checksum": "b09aa0a1bc98ed67bd3b186e5e8d8151"
        },
        {
          "type": "renderModule",
          "assetId": "uWjk6FMKZDUs",
          "checksum": "98cc6cd25b7b11b0a0cff3a19c06a944"
        },
        {
          "type": "cssRules",
          "assetId": "uWjk6FMKZDUs",
          "checksum": "98cc6cd25b7b11b0a0cff3a19c06a944"
        },
        {
          "type": "renderModule",
          "assetId": "w81G4mUA-VvW",
          "checksum": "7f01768e552cc177d853a44670af792a"
        },
        {
          "type": "cssRules",
          "assetId": "w81G4mUA-VvW",
          "checksum": "7f01768e552cc177d853a44670af792a"
        },
        {
          "type": "renderModule",
          "assetId": "EFWABwnM7dLz",
          "checksum": "e497d2e8e8f3802231c1221edce4d7ba"
        },
        {
          "type": "cssRules",
          "assetId": "EFWABwnM7dLz",
          "checksum": "e497d2e8e8f3802231c1221edce4d7ba"
        },
        {
          "type": "renderModule",
          "assetId": "I8vvHqaPHWkO",
          "checksum": "a85a87743ff0b3fc71a07cfc0507d77f"
        },
        {
          "type": "cssRules",
          "assetId": "I8vvHqaPHWkO",
          "checksum": "a85a87743ff0b3fc71a07cfc0507d77f"
        },
        {
          "type": "renderModule",
          "assetId": "Nv-f87L1MUx7",
          "checksum": "7199d05e06a14ba1bcea11c28913ddb5"
        },
        {
          "type": "cssRules",
          "assetId": "Nv-f87L1MUx7",
          "checksum": "7199d05e06a14ba1bcea11c28913ddb5"
        },
        {
          "type": "renderModule",
          "assetId": "CPupy-Wnmsa0",
          "checksum": "9403dabf33131fd4a295ac0b8294365d"
        },
        {
          "type": "cssRules",
          "assetId": "CPupy-Wnmsa0",
          "checksum": "9403dabf33131fd4a295ac0b8294365d"
        },
        {
          "type": "renderModule",
          "assetId": "WDDaSJMd5buE",
          "checksum": "7637f16b1b514678e62dfb49010d9472"
        },
        {
          "type": "cssRules",
          "assetId": "WDDaSJMd5buE",
          "checksum": "7637f16b1b514678e62dfb49010d9472"
        },
        {
          "type": "renderModule",
          "assetId": "2LAHFvjam5tT",
          "checksum": "9f3033bf2ba265fd3d27a5d2a406cac1"
        },
        {
          "type": "cssRules",
          "assetId": "2LAHFvjam5tT",
          "checksum": "9f3033bf2ba265fd3d27a5d2a406cac1"
        },
        {
          "type": "renderModule",
          "assetId": "q2VQxRgVHr2r",
          "checksum": "a4c850ebf7f898beec2e5d8e30118727"
        },
        {
          "type": "cssRules",
          "assetId": "q2VQxRgVHr2r",
          "checksum": "a4c850ebf7f898beec2e5d8e30118727"
        },
        {
          "type": "renderModule",
          "assetId": "-JXF18N1eMSf",
          "checksum": "e9f9ad1cfc3250ec73d7ab963e56a4b5"
        },
        {
          "type": "cssRules",
          "assetId": "-JXF18N1eMSf",
          "checksum": "e9f9ad1cfc3250ec73d7ab963e56a4b5"
        },
        {
          "type": "renderModule",
          "assetId": "9F8z4nLGbExt",
          "checksum": "99d5df0bf8395d21e37159c6dec5bdef"
        },
        {
          "type": "cssRules",
          "assetId": "9F8z4nLGbExt",
          "checksum": "99d5df0bf8395d21e37159c6dec5bdef"
        },
        {
          "type": "renderModule",
          "assetId": "nLFZBWuqWsMB",
          "checksum": "758504088004eb6aaae7cf2568624ee0"
        },
        {
          "type": "cssRules",
          "assetId": "nLFZBWuqWsMB",
          "checksum": "758504088004eb6aaae7cf2568624ee0"
        },
        {
          "type": "renderModule",
          "assetId": "k2zpvambpHH_",
          "checksum": "0d4d8ff533643813eb2e1b6c66966741"
        },
        {
          "type": "cssRules",
          "assetId": "k2zpvambpHH_",
          "checksum": "0d4d8ff533643813eb2e1b6c66966741"
        },
        {
          "type": "renderModule",
          "assetId": "kCfKs1vqA6_E",
          "checksum": "7328d74b36385cc1bfd74264a5f905ea"
        },
        {
          "type": "cssRules",
          "assetId": "kCfKs1vqA6_E",
          "checksum": "7328d74b36385cc1bfd74264a5f905ea"
        },
        {
          "type": "renderModule",
          "assetId": "as4LbzE516j9",
          "checksum": "730950bd3e015d6fdd65ae7cadae4c71"
        },
        {
          "type": "cssRules",
          "assetId": "as4LbzE516j9",
          "checksum": "730950bd3e015d6fdd65ae7cadae4c71"
        },
        {
          "type": "renderModule",
          "assetId": "bj3CfNb3_uqC",
          "checksum": "d8d015042a65b16abaaaed0afb8b27c2"
        },
        {
          "type": "cssRules",
          "assetId": "bj3CfNb3_uqC",
          "checksum": "d8d015042a65b16abaaaed0afb8b27c2"
        },
        {
          "type": "renderModule",
          "assetId": "8eHqUMWBUQQZ",
          "checksum": "710333537a8ae58a55f070f78b825e8b"
        },
        {
          "type": "cssRules",
          "assetId": "8eHqUMWBUQQZ",
          "checksum": "710333537a8ae58a55f070f78b825e8b"
        },
        {
          "type": "renderModule",
          "assetId": "FrjoifLgbkf6",
          "checksum": "60383cbd0d9a8a5b2b4ab2593e80cec3"
        },
        {
          "type": "cssRules",
          "assetId": "FrjoifLgbkf6",
          "checksum": "60383cbd0d9a8a5b2b4ab2593e80cec3"
        },
        {
          "type": "renderModule",
          "assetId": "aR0WJlZINKrw",
          "checksum": "d57f2bbbea69f766b7fdeac80ea8e99b"
        },
        {
          "type": "cssRules",
          "assetId": "aR0WJlZINKrw",
          "checksum": "d57f2bbbea69f766b7fdeac80ea8e99b"
        },
        {
          "type": "renderModule",
          "assetId": "P_oyNDh3kiUq",
          "checksum": "97808b410efd2355c805f31e2d6f03d7"
        },
        {
          "type": "cssRules",
          "assetId": "P_oyNDh3kiUq",
          "checksum": "97808b410efd2355c805f31e2d6f03d7"
        },
        {
          "type": "renderModule",
          "assetId": "6He0p5VJ5Omi",
          "checksum": "216d60fe512c9a32dc056f80bd635ef1"
        },
        {
          "type": "cssRules",
          "assetId": "6He0p5VJ5Omi",
          "checksum": "216d60fe512c9a32dc056f80bd635ef1"
        },
        {
          "type": "renderModule",
          "assetId": "hHMHnoOZA_CD",
          "checksum": "33523080e83d188a03efb24c43b5f70a"
        },
        {
          "type": "cssRules",
          "assetId": "hHMHnoOZA_CD",
          "checksum": "33523080e83d188a03efb24c43b5f70a"
        },
        {
          "type": "renderModule",
          "assetId": "3Fflfi2VS-8E",
          "checksum": "1f608416702ada37a86531ad4430f650"
        },
        {
          "type": "cssRules",
          "assetId": "3Fflfi2VS-8E",
          "checksum": "1f608416702ada37a86531ad4430f650"
        },
        {
          "type": "renderModule",
          "assetId": "maGCetjbMwYp",
          "checksum": "8e6e6f5aed4f3e247a1c6f198fe6aae6"
        },
        {
          "type": "cssRules",
          "assetId": "maGCetjbMwYp",
          "checksum": "8e6e6f5aed4f3e247a1c6f198fe6aae6"
        },
        {
          "type": "renderModule",
          "assetId": "sNtHkQCpIuxn",
          "checksum": "de9258e298cd6fef16b87c41be3371b8"
        },
        {
          "type": "cssRules",
          "assetId": "sNtHkQCpIuxn",
          "checksum": "de9258e298cd6fef16b87c41be3371b8"
        },
        {
          "type": "renderModule",
          "assetId": "f6GYXHshZ0Fs",
          "checksum": "21961d4ef8688929bc82b02fdebd5a8b"
        },
        {
          "type": "cssRules",
          "assetId": "f6GYXHshZ0Fs",
          "checksum": "21961d4ef8688929bc82b02fdebd5a8b"
        },
        {
          "type": "renderModule",
          "assetId": "JtHKLkRqLyx-",
          "checksum": "8e0f255fd9973fb5637edda201c72338"
        },
        {
          "type": "cssRules",
          "assetId": "JtHKLkRqLyx-",
          "checksum": "8e0f255fd9973fb5637edda201c72338"
        },
        {
          "type": "renderModule",
          "assetId": "sncfOMCbdWMu",
          "checksum": "368c83c052c5e0ce62496510037aed13"
        },
        {
          "type": "cssRules",
          "assetId": "sncfOMCbdWMu",
          "checksum": "368c83c052c5e0ce62496510037aed13"
        },
        {
          "type": "renderModule",
          "assetId": "oUEeU2TYbEhh",
          "checksum": "016eb178769090e210ed114c4e876f13"
        },
        {
          "type": "cssRules",
          "assetId": "oUEeU2TYbEhh",
          "checksum": "016eb178769090e210ed114c4e876f13"
        },
        {
          "type": "renderModule",
          "assetId": "vgALlIplrjGw",
          "checksum": "25f0beefab884d09766fc3c6562f1da5"
        },
        {
          "type": "cssRules",
          "assetId": "vgALlIplrjGw",
          "checksum": "25f0beefab884d09766fc3c6562f1da5"
        },
        {
          "type": "renderModule",
          "assetId": "fczUHaSabDbG",
          "checksum": "f84335b1cc576a28296350eeecf3a562"
        },
        {
          "type": "cssRules",
          "assetId": "fczUHaSabDbG",
          "checksum": "f84335b1cc576a28296350eeecf3a562"
        },
        {
          "type": "renderModule",
          "assetId": "7F9P627JjGX5",
          "checksum": "e6e2dcf7ea9774d2bec7de6bba6784ad"
        },
        {
          "type": "cssRules",
          "assetId": "7F9P627JjGX5",
          "checksum": "e6e2dcf7ea9774d2bec7de6bba6784ad"
        },
        {
          "type": "renderModule",
          "assetId": "yP6GdWiKL8XJ",
          "checksum": "2ac48cba1517dc1a25aaf2554b4985dd"
        },
        {
          "type": "cssRules",
          "assetId": "yP6GdWiKL8XJ",
          "checksum": "2ac48cba1517dc1a25aaf2554b4985dd"
        },
        {
          "type": "renderModule",
          "assetId": "-eDXHzfdIeHq",
          "checksum": "69ee23b4ea1f30f4acae4bec8df9bc4f"
        },
        {
          "type": "cssRules",
          "assetId": "-eDXHzfdIeHq",
          "checksum": "69ee23b4ea1f30f4acae4bec8df9bc4f"
        },
        {
          "type": "renderModule",
          "assetId": "bY524CGT1Qpz",
          "checksum": "be999a0f858e4b2df2363f4c1a12cc91"
        },
        {
          "type": "cssRules",
          "assetId": "bY524CGT1Qpz",
          "checksum": "be999a0f858e4b2df2363f4c1a12cc91"
        },
        {
          "type": "renderModule",
          "assetId": "QACqVA5nfjte",
          "checksum": "a085f5637b278bff983a4c26b2e90bbe"
        },
        {
          "type": "cssRules",
          "assetId": "QACqVA5nfjte",
          "checksum": "a085f5637b278bff983a4c26b2e90bbe"
        },
        {
          "type": "renderModule",
          "assetId": "yGPG6cDZoz2b",
          "checksum": "344fcebb0fa9c2e1a1fe44762970e7af"
        },
        {
          "type": "cssRules",
          "assetId": "yGPG6cDZoz2b",
          "checksum": "344fcebb0fa9c2e1a1fe44762970e7af"
        },
        {
          "type": "renderModule",
          "assetId": "IigZUWrCtPw2",
          "checksum": "434b34ad6861ee6c752f80223bfd7fa5"
        },
        {
          "type": "cssRules",
          "assetId": "IigZUWrCtPw2",
          "checksum": "434b34ad6861ee6c752f80223bfd7fa5"
        },
        {
          "type": "renderModule",
          "assetId": "Up53sXl3JeW5",
          "checksum": "cb090e0ce4a694e2a99e3411ccc12114"
        },
        {
          "type": "cssRules",
          "assetId": "Up53sXl3JeW5",
          "checksum": "cb090e0ce4a694e2a99e3411ccc12114"
        },
        {
          "type": "renderModule",
          "assetId": "JwaAOkYVmC4D",
          "checksum": "32c08dcf335181fe5919b8a38dcf0489"
        },
        {
          "type": "cssRules",
          "assetId": "JwaAOkYVmC4D",
          "checksum": "32c08dcf335181fe5919b8a38dcf0489"
        },
        {
          "type": "renderModule",
          "assetId": "xHwS06ZerIoO",
          "checksum": "410d943907aa2668a5746f1924b12370"
        },
        {
          "type": "cssRules",
          "assetId": "xHwS06ZerIoO",
          "checksum": "410d943907aa2668a5746f1924b12370"
        },
        {
          "type": "renderModule",
          "assetId": "rE2uQXz7WClg",
          "checksum": "080fec892c4d963f592c053cb026189d"
        },
        {
          "type": "cssRules",
          "assetId": "rE2uQXz7WClg",
          "checksum": "080fec892c4d963f592c053cb026189d"
        },
        {
          "type": "renderModule",
          "assetId": "dtDv5IbPyMju",
          "checksum": "56175b63166d85fede485a40c2fa3275"
        },
        {
          "type": "cssRules",
          "assetId": "dtDv5IbPyMju",
          "checksum": "56175b63166d85fede485a40c2fa3275"
        },
        {
          "type": "renderModule",
          "assetId": "a3jX_6fetNZs",
          "checksum": "c1e3743e3c00f4fb07b76ffeb2a7ea06"
        },
        {
          "type": "cssRules",
          "assetId": "a3jX_6fetNZs",
          "checksum": "c1e3743e3c00f4fb07b76ffeb2a7ea06"
        },
        {
          "type": "renderModule",
          "assetId": "3OP_nNTq-kKC",
          "checksum": "9dfb96e97a17ded3843dcfad11cacb13"
        },
        {
          "type": "cssRules",
          "assetId": "3OP_nNTq-kKC",
          "checksum": "9dfb96e97a17ded3843dcfad11cacb13"
        },
        {
          "type": "renderModule",
          "assetId": "K0e1kB1AsK1C",
          "checksum": "6400c57068d016e9e329617374fd8f2f"
        },
        {
          "type": "cssRules",
          "assetId": "K0e1kB1AsK1C",
          "checksum": "6400c57068d016e9e329617374fd8f2f"
        },
        {
          "type": "renderModule",
          "assetId": "h-qCNPumay6S",
          "checksum": "0c005cedc6e415fa9984abea856807a6"
        },
        {
          "type": "cssRules",
          "assetId": "h-qCNPumay6S",
          "checksum": "0c005cedc6e415fa9984abea856807a6"
        },
        {
          "type": "renderModule",
          "assetId": "xRyIzzPm5laz",
          "checksum": "04b380cc1d4d371c701ece357e992150"
        },
        {
          "type": "cssRules",
          "assetId": "xRyIzzPm5laz",
          "checksum": "04b380cc1d4d371c701ece357e992150"
        },
        {
          "type": "renderModule",
          "assetId": "jNArPg698Irk",
          "checksum": "baa03ff9ee8d337340328d40a6a9d6d6"
        },
        {
          "type": "cssRules",
          "assetId": "jNArPg698Irk",
          "checksum": "baa03ff9ee8d337340328d40a6a9d6d6"
        },
        {
          "type": "renderModule",
          "assetId": "t1udW_QEtlXa",
          "checksum": "7452f580aec62207fe7db02ff5b0dceb"
        },
        {
          "type": "cssRules",
          "assetId": "t1udW_QEtlXa",
          "checksum": "7452f580aec62207fe7db02ff5b0dceb"
        },
        {
          "type": "renderModule",
          "assetId": "Lk6JgqMmYsF6",
          "checksum": "3a443c9e4977d955b59dd9b0b94f849e"
        },
        {
          "type": "cssRules",
          "assetId": "Lk6JgqMmYsF6",
          "checksum": "3a443c9e4977d955b59dd9b0b94f849e"
        },
        {
          "type": "renderModule",
          "assetId": "pBfrWGe6jKYv",
          "checksum": "1a9e4da52baa18ba13f4edcb1079f467"
        },
        {
          "type": "cssRules",
          "assetId": "pBfrWGe6jKYv",
          "checksum": "1a9e4da52baa18ba13f4edcb1079f467"
        },
        {
          "type": "renderModule",
          "assetId": "SjnuGc01RCAg",
          "checksum": "e794096ad74245e3799d6f8d7bb5a3d8"
        },
        {
          "type": "cssRules",
          "assetId": "SjnuGc01RCAg",
          "checksum": "e794096ad74245e3799d6f8d7bb5a3d8"
        },
        {
          "type": "icon",
          "assetId": "wUfM8ozzkHkf",
          "checksum": "8ae4efc25ffa999d77193886f521ed51"
        },
        {
          "type": "icon",
          "assetId": "3vZ6LsfPOxdi",
          "checksum": "1dbeb4d8f62e1637e75ed09952901d2a"
        },
        {
          "type": "icon",
          "assetId": "DJCZ30FSSW4V",
          "checksum": "f37fac31ac1278e15377fefe8b1b445a"
        },
        {
          "type": "icon",
          "assetId": "I0hu55gL5MHN",
          "checksum": "8b25898b0e9ec1a5405bf93f76ed83a3"
        },
        {
          "type": "icon",
          "assetId": "KT_fzt3f85S5",
          "checksum": "fb638f153f33880c9367227c343794b0"
        },
        {
          "type": "icon",
          "assetId": "PZ_INQhu-OFD",
          "checksum": "a2c988035ba04c6c50dc8e8b9b8d042e"
        },
        {
          "type": "icon",
          "assetId": "MbXf79qfNc9-",
          "checksum": "c9fdbbc65fc33e81457c48e7e04ee535"
        },
        {
          "type": "icon",
          "assetId": "NJW6VTG4j1-N",
          "checksum": "f6329d953a932eef6802288caeb73157"
        },
        {
          "type": "icon",
          "assetId": "YYr3WFQCnSX8",
          "checksum": "7284e6b28ec861248a12eda084598003"
        },
        {
          "type": "icon",
          "assetId": "-CvT-vR8Bfkd",
          "checksum": "51f287aaa16d93bd0a17f5b680c434bf"
        },
        {
          "type": "icon",
          "assetId": "-7NYYr2J81o2",
          "checksum": "e4d52c7b0cb838b2aa177e7a838824f1"
        },
        {
          "type": "icon",
          "assetId": "gvbI6nHpb9NB",
          "checksum": "f59b0a3e9c76ff0a9ac75d45787ef5c1"
        },
        {
          "type": "image",
          "assetId": "6t8igvxT-0p3",
          "checksum": "3e4c31da1545fdb651a505b16cbc8019"
        },
        {
          "type": "image",
          "assetId": "b4D3QBp8fsPw",
          "checksum": "2618f3b7117e756332ed9ea36a8abcbc"
        },
        {
          "type": "image",
          "assetId": "FbLaNxUiJRWl",
          "checksum": "2e83d3537bd582ab2cd78064f22fa739"
        },
        {
          "type": "image",
          "assetId": "n6mQu6cnhAi4",
          "checksum": "a9bc08d4f808f9ae126a15353a307eed"
        },
        {
          "type": "image",
          "assetId": "r12IcYs_WZzm",
          "checksum": "6a24b95b343df0f6496162b4994cfcdb"
        },
        {
          "type": "image",
          "assetId": "mTMXmXAAJX1k",
          "checksum": "d67f0ad00b3a3008783767eeb20aed36"
        },
        {
          "type": "image",
          "assetId": "GmDz8ONA1AKD",
          "checksum": "b219b383b837c2fbdb927fd4df38f30a"
        },
        {
          "type": "image",
          "assetId": "8tY64D6RwMn3",
          "checksum": "57bc81f21e744bf77cd8e39f9f1d6140"
        },
        {
          "type": "image",
          "assetId": "KQqyQ4dRlkqz",
          "checksum": "c9c5f13c2f4c1f640d2c4c62050326ec"
        },
        {
          "type": "image",
          "assetId": "fE_N9Zm-pNSo",
          "checksum": "27b933b3ddfe93c8272385184baf063a"
        },
        {
          "type": "image",
          "assetId": "7OUk-JZD1Rax",
          "checksum": "ca639735f40cb16ffc2820bdeea3f7a0"
        },
        {
          "type": "image",
          "assetId": "96DCrG9Zd-wj",
          "checksum": "c0af4281817515e8ca39d7ce99cb718a"
        },
        {
          "type": "image",
          "assetId": "H_AGIFWpZWcJ",
          "checksum": "cbda7fea77d513b0c664fe323c4b8c2c"
        },
        {
          "type": "image",
          "assetId": "lBgtM_Z1BhP3",
          "checksum": "7b255a15e1b4e5a20868251d44a5f949"
        },
        {
          "type": "image",
          "assetId": "1gQZrtC_oo0C",
          "checksum": "95f04245b1e37fbaca512547bb9f409b"
        },
        {
          "type": "image",
          "assetId": "Y49mKGho40Bf",
          "checksum": "33b61d37f7c84b9c39189d6b126f2771"
        },
        {
          "type": "image",
          "assetId": "X_YktxU-R2Az",
          "checksum": "99a0aef4801347f73e36d3f45458601b"
        },
        {
          "type": "image",
          "assetId": "e_03hidr8bFQ",
          "checksum": "536eaec83f420a67681ec7303210098e"
        },
        {
          "type": "image",
          "assetId": "joRL5dKXNvE5",
          "checksum": "d8bf2122b423e5b017eac6fdeebe6823"
        },
        {
          "type": "image",
          "assetId": "abeckRxJAj-h",
          "checksum": "db10191bf8d2154c5b9ba958f9e3d8aa"
        },
        {
          "type": "image",
          "assetId": "4du5yGRSSaqF",
          "checksum": "898dc1a876339d8889dc5a44c15e3370"
        },
        {
          "type": "image",
          "assetId": "CCliDDw7PYFj",
          "checksum": "cc2c7a6bf58fd31cd0adec998e41b3c2"
        },
        {
          "type": "image",
          "assetId": "gjdDe93s7hq0",
          "checksum": "7acd9866cf6e596cc138278b5622a3f2"
        },
        {
          "type": "image",
          "assetId": "_lYvkXqy-E0d",
          "checksum": "204bdd96828976010b9636d1cd88b3b7"
        },
        {
          "type": "image",
          "assetId": "o7Jv_E0w8HKa",
          "checksum": "75ed57325904df8884e067c3acf060c2"
        },
        {
          "type": "image",
          "assetId": "vbQCBSu5Wgnv",
          "checksum": "928d76932a788a8ad82d47ff3a511aa5"
        },
        {
          "type": "image",
          "assetId": "ji1zVCwIiFtP",
          "checksum": "284b23efbe91e396fa7287ff4f9b2d32"
        },
        {
          "type": "image",
          "assetId": "fZYr4PIiKW1t",
          "checksum": "1de855029fd5a376399b997b29591059"
        },
        {
          "type": "image",
          "assetId": "KmVssX3rPdW7",
          "checksum": "d55bc09228767cd304968f66d0916b13"
        },
        {
          "type": "image",
          "assetId": "9BKqoBnjZ1bz",
          "checksum": "c48221c46c68a067f2b53da00daa8ddc"
        },
        {
          "type": "image",
          "assetId": "Wn9WfcAoNxzn",
          "checksum": "3148b8fda9f795eb0e1468e6ff5d009b"
        },
        {
          "type": "image",
          "assetId": "9xkx5rhD1adw",
          "checksum": "829db8121dda7e20044bf999b9308235"
        },
        {
          "type": "image",
          "assetId": "Nk5-XC5acPPm",
          "checksum": "709a28e23f1a78800bbd6670ea312afc"
        },
        {
          "type": "image",
          "assetId": "pvNVHbhJ0e6g",
          "checksum": "eb198a013fe87d0c71b0381f4247fecd"
        },
        {
          "type": "image",
          "assetId": "IjDGyVto0D8s",
          "checksum": "f45699f1f504e9b1c4622ee572f01e3a"
        },
        {
          "type": "image",
          "assetId": "9K367kLv8X86",
          "checksum": "a3ed124a79f7026bd0ff999cf75ad03b"
        },
        {
          "type": "image",
          "assetId": "QwQ4H6Q1sBOt",
          "checksum": "a2c5dfa713ad6569d0e96adb4601ea85"
        },
        {
          "type": "image",
          "assetId": "0Gy-T1VPakwu",
          "checksum": "96eb68a6ffcd40fdc36523e1280b70b0"
        },
        {
          "type": "image",
          "assetId": "sHpE4-p10C7M",
          "checksum": "21c28af255f87e14582e3cf2c8a0382d"
        },
        {
          "type": "image",
          "assetId": "aoqAyLTvWlHS",
          "checksum": "b7b507dca9f7a07865188591db641a2b"
        },
        {
          "type": "image",
          "assetId": "ecBA1zzKyqer",
          "checksum": "ea6c48871f131cd798b9fea2911e2c18"
        },
        {
          "type": "image",
          "assetId": "yfIyIWjP__aj",
          "checksum": "2948c86cbf4e2e654e25ed8455f67d9b"
        },
        {
          "type": "image",
          "assetId": "GgxuBmLMfYOp",
          "checksum": "bfb4edf3afbcfd1a5056c9f2b0b4afad"
        },
        {
          "type": "image",
          "assetId": "_jN8PY5wusQk",
          "checksum": "e82cacbf76039ce9990ae112fe7d6cfc"
        },
        {
          "type": "image",
          "assetId": "zvdKhnADs_Ec",
          "checksum": "5cebc4006269d60be645d663ba487184"
        },
        {
          "type": "image",
          "assetId": "H141tCEMfBeY",
          "checksum": "76a95044337f5f3242c3abbda7867c3e"
        },
        {
          "type": "image",
          "assetId": "SyzNgg9ez0SJ",
          "checksum": "00cf2bda91a542014544264c0cf61390"
        },
        {
          "type": "image",
          "assetId": "Gi0tDRCp5q8c",
          "checksum": "b1d5763432e5d69da14fc1fcdb267e51"
        },
        {
          "type": "image",
          "assetId": "7INQAltgciCv",
          "checksum": "6a3c904fd5f21b872d99f46fb74b2686"
        },
        {
          "type": "image",
          "assetId": "hFYD9cKskzXt",
          "checksum": "839063682dc784d4c92bceed4c706169"
        },
        {
          "type": "image",
          "assetId": "O5HHX8IO7PAM",
          "checksum": "3f560c40437eee404b53a9f881876f11"
        },
        {
          "type": "image",
          "assetId": "Bi9TV69ga4-d",
          "checksum": "a67d201956358d94eac66c69640d0264"
        },
        {
          "type": "image",
          "assetId": "scg7VyO8Y2_Z",
          "checksum": "563ceaf222762dc0532dd8faa556372f"
        },
        {
          "type": "image",
          "assetId": "AdM58BXUMz22",
          "checksum": "fa1daeb443a5068cd5fa3342817c0959"
        },
        {
          "type": "image",
          "assetId": "8B7_BHLqrIRC",
          "checksum": "92c24652a00a40e1d4d6f3d8ecf09bf4"
        },
        {
          "type": "image",
          "assetId": "6Cg-LBu6JMRC",
          "checksum": "f5929445c9fa8d5ab84bb3f8afa6bf5d"
        },
        {
          "type": "image",
          "assetId": "qxJJiAI7d_Bg",
          "checksum": "f2d07af397c72c2d5a2ccfdd77f5171b"
        },
        {
          "type": "image",
          "assetId": "VnnRFssuz8yH",
          "checksum": "e741151fa3ce246abae312c0469ebc8e"
        },
        {
          "type": "image",
          "assetId": "wosGFR_emmpE",
          "checksum": "be52b11df4898cb93c5722f1a681aa14"
        },
        {
          "type": "image",
          "assetId": "mrHSfN3fYmmA",
          "checksum": "1df18fbf752f15546e2fcd8e6173bebb"
        },
        {
          "type": "image",
          "assetId": "yCXuBeCZFOvD",
          "checksum": "16daa75ebb47e23455a0aa1a11566c7c"
        },
        {
          "type": "image",
          "assetId": "maKIILzL1Dyz",
          "checksum": "7af77c7e7c4703551ab260b34c1fc51d"
        },
        {
          "type": "image",
          "assetId": "_JaqK9Ro3IID",
          "checksum": "674ee6bef18f878302dadb6b04ffa70c"
        },
        {
          "type": "image",
          "assetId": "-ysqdRfZRogy",
          "checksum": "aadd79ba048d0c57c93d4e6ad3bf3c1b"
        },
        {
          "type": "image",
          "assetId": "8zlDhF8YdMjf",
          "checksum": "680d7944f04ef8636d4405df8bffe519"
        },
        {
          "type": "image",
          "assetId": "dnoUMA6WnGdS",
          "checksum": "597d28603c7f1fe22bd9c65a611dac67"
        },
        {
          "type": "image",
          "assetId": "ZdEQT9GbbD9l",
          "checksum": "4843c46b353673945b9817c553a92304"
        },
        {
          "type": "image",
          "assetId": "UobStTuEBMUg",
          "checksum": "562e55e5feb9fe5fad91e8d98d3d50b0"
        },
        {
          "type": "image",
          "assetId": "M-JEM16TVa57",
          "checksum": "9b8aafe75d18c4a244fca5eee7208871"
        },
        {
          "type": "image",
          "assetId": "SphcsCMP8jZg",
          "checksum": "1796d92f89df9bdf72dbae277ce216e0"
        },
        {
          "type": "image",
          "assetId": "hJPLW4l8xPs6",
          "checksum": "e6cce90748d77c13e6e8a36173081942"
        },
        {
          "type": "image",
          "assetId": "_JjickR7CKh2",
          "checksum": "f3e7655eb88c6ad19a16fd7a464056fa"
        },
        {
          "type": "image",
          "assetId": "GJzd2AdyBeKj",
          "checksum": "63fd1fbc3fefa77906a7c616d23fc03d"
        },
        {
          "type": "image",
          "assetId": "R6GYoSxLclo2",
          "checksum": "05d464e0d3823fc7ced00857432cb18f"
        },
        {
          "type": "image",
          "assetId": "f-L2Hh7WoGHR",
          "checksum": "f9fc7ea70d743c2382cdaa304cbeb4a0"
        },
        {
          "type": "image",
          "assetId": "qaxT33Okfn5e",
          "checksum": "4d3706b1bd1b84ad2717fb93ea294aac"
        },
        {
          "type": "image",
          "assetId": "WiJF6FT8AGZE",
          "checksum": "6c92d4742e39566a533d78378c078ea9"
        },
        {
          "type": "image",
          "assetId": "5o6lDkanaZ1r",
          "checksum": "628a2584e55f358f5050703847cabc18"
        },
        {
          "type": "image",
          "assetId": "fDOVN3xgztQ0",
          "checksum": "3877bef9d171144ecee7d032c3e5793c"
        },
        {
          "type": "image",
          "assetId": "1nm9kDQ6gkDY",
          "checksum": "1bda8f92fdf4f206cd538cb3f36cecda"
        },
        {
          "type": "image",
          "assetId": "qAxnZG4vhhiC",
          "checksum": "4e3039a716cb4fe8b6f6293fd2e0b315"
        },
        {
          "type": "image",
          "assetId": "VwPjsl_TmJH4",
          "checksum": "66e0ea49d85585d344cc13548773f733"
        },
        {
          "type": "image",
          "assetId": "4Vi1xsbKEfGb",
          "checksum": "a484c6217ca07ca17cee2c0b7693dec6"
        },
        {
          "type": "image",
          "assetId": "Wyj6Qx6PYR9b",
          "checksum": "7ba6a33f4f951905490f8435e75f1c23"
        },
        {
          "type": "image",
          "assetId": "NVlDAq8bgeY4",
          "checksum": "5e252158b95c42fd57ccb1c2a8e64db9"
        },
        {
          "type": "image",
          "assetId": "J0_B_z_gaM9O",
          "checksum": "d2cd3c21638389b7b67e0ac606a75053"
        },
        {
          "type": "image",
          "assetId": "5g_RGXtu317E",
          "checksum": "1462dcf1cd897653e47fed46d789f502"
        },
        {
          "type": "image",
          "assetId": "cMZOr-p70lhR",
          "checksum": "8398dcd2b07bde7c138ed289aa410213"
        },
        {
          "type": "image",
          "assetId": "8_hDg4Kfi-tA",
          "checksum": "b221428ff3f9025850a92984aca3fe4e"
        },
        {
          "type": "image",
          "assetId": "JYtDO3dBBRvC",
          "checksum": "8339990094cefc7c5e097cc660fd01b9"
        },
        {
          "type": "image",
          "assetId": "-GYcOHT4vsrd",
          "checksum": "6f71953e4279dfa3dfe891db93560875"
        },
        {
          "type": "image",
          "assetId": "FcTZbVN3_IVk",
          "checksum": "291801647430f11514657b5b65cb91ec"
        },
        {
          "type": "image",
          "assetId": "3SKEunulzdZP",
          "checksum": "2a4fa6dd8e9026c070e5a50848f50edf"
        },
        {
          "type": "image",
          "assetId": "pmQfzz6F3cSc",
          "checksum": "92a534a22cc7426b07c419148d90d538"
        },
        {
          "type": "image",
          "assetId": "Crvyp5-OlBem",
          "checksum": "a8a3fcb66e5a9e634612a77af7d9ae17"
        },
        {
          "type": "image",
          "assetId": "N1YYuV-VR0TJ",
          "checksum": "c5bff67f1ae672a5692ab98151a79bdb"
        },
        {
          "type": "image",
          "assetId": "DikhPRoZu9aJ",
          "checksum": "78f553cd117cb454a5a7bb1e978fbc06"
        },
        {
          "type": "image",
          "assetId": "EIdVXuREVafM",
          "checksum": "f9a4ed4bf4787bfa21f9607aa19ada06"
        },
        {
          "type": "image",
          "assetId": "KkoLRE2aNoXF",
          "checksum": "107dfcca16eec86b5b2af7a59e79497b"
        },
        {
          "type": "image",
          "assetId": "3sXCzLPnCy4h",
          "checksum": "5e093440cc057d3d6926ab0e2af0578f"
        },
        {
          "type": "image",
          "assetId": "goZCeulabsGh",
          "checksum": "8a1f59a35ced773813f45cf3457dc585"
        },
        {
          "type": "image",
          "assetId": "bjfXzJhIl_Kb",
          "checksum": "43d8d149bbfd6fd618482720d37ffcd6"
        },
        {
          "type": "image",
          "assetId": "IYUMLP-8gOes",
          "checksum": "512a7bfc31cbba617f01f432e7e68281"
        },
        {
          "type": "image",
          "assetId": "NuTi0HJbWUsy",
          "checksum": "f3aa1bb9d52e490a7a1b7b274a5fb1ab"
        },
        {
          "type": "image",
          "assetId": "6FU4dsYWZJk4",
          "checksum": "0b5b3c40c432550eabe32da02e7f7647"
        },
        {
          "type": "image",
          "assetId": "ltcMrTpuCZb6",
          "checksum": "72bb352678b3a206962c05cf53f8ecdb"
        },
        {
          "type": "image",
          "assetId": "caPnxJmRCwoB",
          "checksum": "d49781a996ef65248402bb925e55293e"
        },
        {
          "type": "image",
          "assetId": "yrmZLYsEP5eL",
          "checksum": "76a936910ca7d0abf2910c0bd5daeccd"
        },
        {
          "type": "image",
          "assetId": "Avgksh_JWl4Q",
          "checksum": "a046bdbc4795deae83840726b17da2a6"
        },
        {
          "type": "image",
          "assetId": "Rzj8zk-qjZlj",
          "checksum": "0bc19235b1bc008a2feb4645928d38e2"
        },
        {
          "assetId": "qrPZwqtrqWM4S9b4djCj1H",
          "type": "projectCss",
          "checksum": "bfe30becec113a65df5db7367ce7a376"
        },
        {
          "type": "image",
          "assetId": "qvbyTgSXXwTU",
          "checksum": "3fa5b7074d851b52943e6333b0fce8f1"
        }
      ],
      "codegenVersion": "0.0.1"
    }
  ],
  "cliVersion": "0.1.331"
}
